<?xml version="1.0" encoding="utf-8"?>
<Project ToolsVersion="4.0" xmlns="http://schemas.microsoft.com/developer/msbuild/2003">
  <ItemGroup>
    <ClCompile Include="..\..\AMXServer\src\AMXHandler.cpp">
      <Filter>src</Filter>
    </ClCompile>
    <ClCompile Include="..\..\AMXServer\src\AMXServer.cpp">
      <Filter>src</Filter>
    </ClCompile>
    <ClCompile Include="..\..\AMXServer\src\AMXServerConfig.cpp">
      <Filter>src</Filter>
    </ClCompile>
    <ClCompile Include="..\..\AMXServer\src\CRC.cpp">
      <Filter>src</Filter>
    </ClCompile>
    <ClCompile Include="..\..\AMXServer\src\EIBListener.cpp">
      <Filter>src</Filter>
    </ClCompile>
    <ClCompile Include="..\..\AMXServer\src\Main.cpp">
      <Filter>src</Filter>
    </ClCompile>
    <ClCompile Include="..\..\AMXServer\src\MsgTable.cpp">
      <Filter>src</Filter>
    </ClCompile>
  </ItemGroup>
  <ItemGroup>
    <ClInclude Include="..\..\AMXServer\include\AMXGeneralConf.h">
      <Filter>include</Filter>
    </ClInclude>
    <ClInclude Include="..\..\AMXServer\include\AMXHandler.h">
      <Filter>include</Filter>
    </ClInclude>
    <ClInclude Include="..\..\AMXServer\include\AMXNetwork.h">
      <Filter>include</Filter>
    </ClInclude>
    <ClInclude Include="..\..\AMXServer\include\AMXServer.h">
      <Filter>include</Filter>
    </ClInclude>
    <ClInclude Include="..\..\AMXServer\include\AMXServerConfig.h">
      <Filter>include</Filter>
    </ClInclude>
    <ClInclude Include="..\..\AMXServer\include\CRC.h">
      <Filter>include</Filter>
    </ClInclude>
    <ClInclude Include="..\..\AMXServer\include\EIBListener.h">
      <Filter>include</Filter>
    </ClInclude>
    <ClInclude Include="..\..\AMXServer\include\MsgTable.h">
      <Filter>include</Filter>
    </ClInclude>
  </ItemGroup>
  <ItemGroup>
    <Filter Include="src">
      <UniqueIdentifier>{0664b6ea-c51b-4b7d-8a7f-204a505584d6}</UniqueIdentifier>
    </Filter>
    <Filter Include="include">
      <UniqueIdentifier>{6fb1e636-d658-4ccc-b84a-56f11575fcd8}</UniqueIdentifier>
    </Filter>
  </ItemGroup>
</Project>