
Microsoft Visual Studio Solution File, Format Version 10.00
# Visual Studio 2008
Project("{8BC9CEB8-8B4A-11D0-8D11-00A0C91BC942}") = "EIBStdLib", "EIBStdLib\win32\EIBStdLib.vcproj", "{0048D35C-1A17-4FEB-8529-FC692A175D72}"
EndProject
Project("{8BC9CEB8-8B4A-11D0-8D11-00A0C91BC942}") = "EIBServer", "EIBServer\win32\EIBServer.vcproj", "{62358D94-6F55-4FF2-B79B-3ACC6D16A21B}"
EndProject
Project("{8BC9CEB8-8B4A-11D0-8D11-00A0C91BC942}") = "SMSServer", "SMSServer\win32\SMSServer.vcproj", "{8A8E946D-EE57-4B1C-A5B7-5C7AB20392F9}"
EndProject
Project("{FAE04EC0-301F-11D3-BF4B-00C04F79EFBC}") = "EIBEmulator", "EIBEmulator\EIBEmulator.csproj", "{ADC446D2-26E2-4324-8189-2A1BC1C5D578}"
EndProject
Project("{8BC9CEB8-8B4A-11D0-8D11-00A0C91BC942}") = "AMXServer", "AMXServer\win32\AMXServer.vcproj", "{5CD6976A-FE40-44E8-9A0D-5DF5C657DFE7}"
EndProject
Project("{54435603-DBB4-11D2-8724-00A0C9A8B90C}") = "EIBSuite", "EIBSuite\EIBSuite.vdproj", "{231BFC15-5438-47DB-BA12-E0C048D5ED03}"
EndProject
Project("{FAE04EC0-301F-11D3-BF4B-00C04F79EFBC}") = "EIBConsole", "EIBConsole\EIBConsole.csproj", "{AD405C07-3A38-435E-9A63-19E13B02C086}"
EndProject
Project("{8BC9CEB8-8B4A-11D0-8D11-00A0C91BC942}") = "EIBTest", "EIBTest\win32\EIBTest.vcproj", "{00553AE3-24FC-4B51-AD4A-CDD7F938737C}"
EndProject
Project("{FAE04EC0-301F-11D3-BF4B-00C04F79EFBC}") = "EIBVoice", "EIBVoice\EIBVoice.csproj", "{960B8404-BD80-4819-BF56-FB35DC295C89}"
EndProject
Project("{8BC9CEB8-8B4A-11D0-8D11-00A0C91BC942}") = "EIB.NetWrapper", "EIB.NetWrapper\EIB.NetWrapper.vcproj", "{016D5CD6-2ABD-4CA5-A60B-73FC4D001E83}"
EndProject
Project("{8BC9CEB8-8B4A-11D0-8D11-00A0C91BC942}") = "WEBServer", "WEBServer\win32\WEBServer.vcproj", "{4327DFFD-979A-442A-8677-A6FED9EF68A0}"
EndProject
Project("{8BC9CEB8-8B4A-11D0-8D11-00A0C91BC942}") = "GSM", "GSM\win32\GSM.vcproj", "{5B645A3B-2424-4DCD-87F8-E26C169D3A93}"
EndProject
Project("{8BC9CEB8-8B4A-11D0-8D11-00A0C91BC942}") = "JTC", "jtc\win32\JTC.vcproj", "{0646B3BE-BF4E-482D-A0A1-4D394E0539B1}"
EndProject
Project("{8BC9CEB8-8B4A-11D0-8D11-00A0C91BC942}") = "EIBWatchDog", "EIBWatchDog\win32\EIBWatchDog.vcproj", "{2A40BEAE-B7FF-472A-B540-BD2480858BC2}"
EndProject
Project("{FAE04EC0-301F-11D3-BF4B-00C04F79EFBC}") = "EIBMobile", "EIBMobile\EIBMobile.csproj", "{96771958-0085-438E-8C20-93FA001971F3}"
EndProject
Project("{FAE04EC0-301F-11D3-BF4B-00C04F79EFBC}") = "EIBWebServer", "EIBWEBServer\EIBWebServer.csproj", "{F2F92532-4F69-4194-8B64-97F51B814E14}"
	ProjectSection(ProjectDependencies) = postProject
		{0048D35C-1A17-4FEB-8529-FC692A175D72} = {0048D35C-1A17-4FEB-8529-FC692A175D72}
		{0646B3BE-BF4E-482D-A0A1-4D394E0539B1} = {0646B3BE-BF4E-482D-A0A1-4D394E0539B1}
	EndProjectSection
EndProject
Project("{8BC9CEB8-8B4A-11D0-8D11-00A0C91BC942}") = "EIBRelay", "EIBRelay\win32\EIBRelay.vcproj", "{83974ECC-68E8-4C02-A187-703217AAF03F}"
EndProject
Global
	GlobalSection(SolutionConfigurationPlatforms) = preSolution
		Debug|.NET = Debug|.NET
		Debug|Any CPU = Debug|Any CPU
		Debug|Mixed Platforms = Debug|Mixed Platforms
		Debug|Win32 = Debug|Win32
		Debug|Windows Mobile 5.0 Pocket PC SDK (ARMV4I) = Debug|Windows Mobile 5.0 Pocket PC SDK (ARMV4I)
		Debug|x86 = Debug|x86
		Release|.NET = Release|.NET
		Release|Any CPU = Release|Any CPU
		Release|Mixed Platforms = Release|Mixed Platforms
		Release|Win32 = Release|Win32
		Release|Windows Mobile 5.0 Pocket PC SDK (ARMV4I) = Release|Windows Mobile 5.0 Pocket PC SDK (ARMV4I)
		Release|x86 = Release|x86
	EndGlobalSection
	GlobalSection(ProjectConfigurationPlatforms) = postSolution
		{0048D35C-1A17-4FEB-8529-FC692A175D72}.Debug|.NET.ActiveCfg = Debug|Win32
		{0048D35C-1A17-4FEB-8529-FC692A175D72}.Debug|Any CPU.ActiveCfg = Debug|Win32
		{0048D35C-1A17-4FEB-8529-FC692A175D72}.Debug|Any CPU.Build.0 = Debug|Win32
		{0048D35C-1A17-4FEB-8529-FC692A175D72}.Debug|Mixed Platforms.ActiveCfg = Debug|Win32
		{0048D35C-1A17-4FEB-8529-FC692A175D72}.Debug|Mixed Platforms.Build.0 = Debug|Win32
		{0048D35C-1A17-4FEB-8529-FC692A175D72}.Debug|Win32.ActiveCfg = Debug|Win32
		{0048D35C-1A17-4FEB-8529-FC692A175D72}.Debug|Win32.Build.0 = Debug|Win32
		{0048D35C-1A17-4FEB-8529-FC692A175D72}.Debug|Windows Mobile 5.0 Pocket PC SDK (ARMV4I).ActiveCfg = Debug|Win32
		{0048D35C-1A17-4FEB-8529-FC692A175D72}.Debug|x86.ActiveCfg = Debug|Win32
		{0048D35C-1A17-4FEB-8529-FC692A175D72}.Debug|x86.Build.0 = Debug|Win32
		{0048D35C-1A17-4FEB-8529-FC692A175D72}.Release|.NET.ActiveCfg = Release|Win32
		{0048D35C-1A17-4FEB-8529-FC692A175D72}.Release|Any CPU.ActiveCfg = Release|Win32
		{0048D35C-1A17-4FEB-8529-FC692A175D72}.Release|Mixed Platforms.ActiveCfg = Release|Win32
		{0048D35C-1A17-4FEB-8529-FC692A175D72}.Release|Mixed Platforms.Build.0 = Release|Win32
		{0048D35C-1A17-4FEB-8529-FC692A175D72}.Release|Win32.ActiveCfg = Release|Win32
		{0048D35C-1A17-4FEB-8529-FC692A175D72}.Release|Win32.Build.0 = Release|Win32
		{0048D35C-1A17-4FEB-8529-FC692A175D72}.Release|Windows Mobile 5.0 Pocket PC SDK (ARMV4I).ActiveCfg = Release|Win32
		{0048D35C-1A17-4FEB-8529-FC692A175D72}.Release|x86.ActiveCfg = Release|Win32
		{62358D94-6F55-4FF2-B79B-3ACC6D16A21B}.Debug|.NET.ActiveCfg = Debug|Win32
		{62358D94-6F55-4FF2-B79B-3ACC6D16A21B}.Debug|Any CPU.ActiveCfg = Debug|Win32
		{62358D94-6F55-4FF2-B79B-3ACC6D16A21B}.Debug|Any CPU.Build.0 = Debug|Win32
		{62358D94-6F55-4FF2-B79B-3ACC6D16A21B}.Debug|Mixed Platforms.ActiveCfg = Debug|Win32
		{62358D94-6F55-4FF2-B79B-3ACC6D16A21B}.Debug|Mixed Platforms.Build.0 = Debug|Win32
		{62358D94-6F55-4FF2-B79B-3ACC6D16A21B}.Debug|Win32.ActiveCfg = Debug|Win32
		{62358D94-6F55-4FF2-B79B-3ACC6D16A21B}.Debug|Win32.Build.0 = Debug|Win32
		{62358D94-6F55-4FF2-B79B-3ACC6D16A21B}.Debug|Windows Mobile 5.0 Pocket PC SDK (ARMV4I).ActiveCfg = Debug|Win32
		{62358D94-6F55-4FF2-B79B-3ACC6D16A21B}.Debug|x86.ActiveCfg = Debug|Win32
		{62358D94-6F55-4FF2-B79B-3ACC6D16A21B}.Debug|x86.Build.0 = Debug|Win32
		{62358D94-6F55-4FF2-B79B-3ACC6D16A21B}.Release|.NET.ActiveCfg = Release|Win32
		{62358D94-6F55-4FF2-B79B-3ACC6D16A21B}.Release|Any CPU.ActiveCfg = Release|Win32
		{62358D94-6F55-4FF2-B79B-3ACC6D16A21B}.Release|Mixed Platforms.ActiveCfg = Release|Win32
		{62358D94-6F55-4FF2-B79B-3ACC6D16A21B}.Release|Mixed Platforms.Build.0 = Release|Win32
		{62358D94-6F55-4FF2-B79B-3ACC6D16A21B}.Release|Win32.ActiveCfg = Release|Win32
		{62358D94-6F55-4FF2-B79B-3ACC6D16A21B}.Release|Win32.Build.0 = Release|Win32
		{62358D94-6F55-4FF2-B79B-3ACC6D16A21B}.Release|Windows Mobile 5.0 Pocket PC SDK (ARMV4I).ActiveCfg = Release|Win32
		{62358D94-6F55-4FF2-B79B-3ACC6D16A21B}.Release|x86.ActiveCfg = Release|Win32
		{8A8E946D-EE57-4B1C-A5B7-5C7AB20392F9}.Debug|.NET.ActiveCfg = Debug|Win32
		{8A8E946D-EE57-4B1C-A5B7-5C7AB20392F9}.Debug|Any CPU.ActiveCfg = Debug|Win32
		{8A8E946D-EE57-4B1C-A5B7-5C7AB20392F9}.Debug|Any CPU.Build.0 = Debug|Win32
		{8A8E946D-EE57-4B1C-A5B7-5C7AB20392F9}.Debug|Mixed Platforms.ActiveCfg = Debug|Win32
		{8A8E946D-EE57-4B1C-A5B7-5C7AB20392F9}.Debug|Mixed Platforms.Build.0 = Debug|Win32
		{8A8E946D-EE57-4B1C-A5B7-5C7AB20392F9}.Debug|Win32.ActiveCfg = Debug|Win32
		{8A8E946D-EE57-4B1C-A5B7-5C7AB20392F9}.Debug|Win32.Build.0 = Debug|Win32
		{8A8E946D-EE57-4B1C-A5B7-5C7AB20392F9}.Debug|Windows Mobile 5.0 Pocket PC SDK (ARMV4I).ActiveCfg = Debug|Win32
		{8A8E946D-EE57-4B1C-A5B7-5C7AB20392F9}.Debug|x86.ActiveCfg = Debug|Win32
		{8A8E946D-EE57-4B1C-A5B7-5C7AB20392F9}.Debug|x86.Build.0 = Debug|Win32
		{8A8E946D-EE57-4B1C-A5B7-5C7AB20392F9}.Release|.NET.ActiveCfg = Release|Win32
		{8A8E946D-EE57-4B1C-A5B7-5C7AB20392F9}.Release|Any CPU.ActiveCfg = Release|Win32
		{8A8E946D-EE57-4B1C-A5B7-5C7AB20392F9}.Release|Mixed Platforms.ActiveCfg = Release|Win32
		{8A8E946D-EE57-4B1C-A5B7-5C7AB20392F9}.Release|Mixed Platforms.Build.0 = Release|Win32
		{8A8E946D-EE57-4B1C-A5B7-5C7AB20392F9}.Release|Win32.ActiveCfg = Release|Win32
		{8A8E946D-EE57-4B1C-A5B7-5C7AB20392F9}.Release|Win32.Build.0 = Release|Win32
		{8A8E946D-EE57-4B1C-A5B7-5C7AB20392F9}.Release|Windows Mobile 5.0 Pocket PC SDK (ARMV4I).ActiveCfg = Release|Win32
		{8A8E946D-EE57-4B1C-A5B7-5C7AB20392F9}.Release|x86.ActiveCfg = Release|Win32
		{ADC446D2-26E2-4324-8189-2A1BC1C5D578}.Debug|.NET.ActiveCfg = Debug|Any CPU
		{ADC446D2-26E2-4324-8189-2A1BC1C5D578}.Debug|Any CPU.ActiveCfg = Debug|Any CPU
		{ADC446D2-26E2-4324-8189-2A1BC1C5D578}.Debug|Any CPU.Build.0 = Debug|Any CPU
		{ADC446D2-26E2-4324-8189-2A1BC1C5D578}.Debug|Mixed Platforms.ActiveCfg = Debug|Any CPU
		{ADC446D2-26E2-4324-8189-2A1BC1C5D578}.Debug|Mixed Platforms.Build.0 = Debug|Any CPU
		{ADC446D2-26E2-4324-8189-2A1BC1C5D578}.Debug|Win32.ActiveCfg = Debug|Any CPU
		{ADC446D2-26E2-4324-8189-2A1BC1C5D578}.Debug|Windows Mobile 5.0 Pocket PC SDK (ARMV4I).ActiveCfg = Debug|Any CPU
		{ADC446D2-26E2-4324-8189-2A1BC1C5D578}.Debug|x86.ActiveCfg = Debug|Any CPU
		{ADC446D2-26E2-4324-8189-2A1BC1C5D578}.Debug|x86.Build.0 = Debug|Any CPU
		{ADC446D2-26E2-4324-8189-2A1BC1C5D578}.Release|.NET.ActiveCfg = Release|Any CPU
		{ADC446D2-26E2-4324-8189-2A1BC1C5D578}.Release|Any CPU.ActiveCfg = Release|Any CPU
		{ADC446D2-26E2-4324-8189-2A1BC1C5D578}.Release|Any CPU.Build.0 = Release|Any CPU
		{ADC446D2-26E2-4324-8189-2A1BC1C5D578}.Release|Mixed Platforms.ActiveCfg = Release|Any CPU
		{ADC446D2-26E2-4324-8189-2A1BC1C5D578}.Release|Mixed Platforms.Build.0 = Release|Any CPU
		{ADC446D2-26E2-4324-8189-2A1BC1C5D578}.Release|Win32.ActiveCfg = Release|Any CPU
		{ADC446D2-26E2-4324-8189-2A1BC1C5D578}.Release|Windows Mobile 5.0 Pocket PC SDK (ARMV4I).ActiveCfg = Release|Any CPU
		{ADC446D2-26E2-4324-8189-2A1BC1C5D578}.Release|x86.ActiveCfg = Release|Any CPU
		{5CD6976A-FE40-44E8-9A0D-5DF5C657DFE7}.Debug|.NET.ActiveCfg = Debug|Win32
		{5CD6976A-FE40-44E8-9A0D-5DF5C657DFE7}.Debug|Any CPU.ActiveCfg = Debug|Win32
		{5CD6976A-FE40-44E8-9A0D-5DF5C657DFE7}.Debug|Any CPU.Build.0 = Debug|Win32
		{5CD6976A-FE40-44E8-9A0D-5DF5C657DFE7}.Debug|Mixed Platforms.ActiveCfg = Debug|Win32
		{5CD6976A-FE40-44E8-9A0D-5DF5C657DFE7}.Debug|Mixed Platforms.Build.0 = Debug|Win32
		{5CD6976A-FE40-44E8-9A0D-5DF5C657DFE7}.Debug|Win32.ActiveCfg = Debug|Win32
		{5CD6976A-FE40-44E8-9A0D-5DF5C657DFE7}.Debug|Win32.Build.0 = Debug|Win32
		{5CD6976A-FE40-44E8-9A0D-5DF5C657DFE7}.Debug|Windows Mobile 5.0 Pocket PC SDK (ARMV4I).ActiveCfg = Debug|Win32
		{5CD6976A-FE40-44E8-9A0D-5DF5C657DFE7}.Debug|x86.ActiveCfg = Debug|Win32
		{5CD6976A-FE40-44E8-9A0D-5DF5C657DFE7}.Debug|x86.Build.0 = Debug|Win32
		{5CD6976A-FE40-44E8-9A0D-5DF5C657DFE7}.Release|.NET.ActiveCfg = Release|Win32
		{5CD6976A-FE40-44E8-9A0D-5DF5C657DFE7}.Release|Any CPU.ActiveCfg = Release|Win32
		{5CD6976A-FE40-44E8-9A0D-5DF5C657DFE7}.Release|Mixed Platforms.ActiveCfg = Release|Win32
		{5CD6976A-FE40-44E8-9A0D-5DF5C657DFE7}.Release|Mixed Platforms.Build.0 = Release|Win32
		{5CD6976A-FE40-44E8-9A0D-5DF5C657DFE7}.Release|Win32.ActiveCfg = Release|Win32
		{5CD6976A-FE40-44E8-9A0D-5DF5C657DFE7}.Release|Win32.Build.0 = Release|Win32
		{5CD6976A-FE40-44E8-9A0D-5DF5C657DFE7}.Release|Windows Mobile 5.0 Pocket PC SDK (ARMV4I).ActiveCfg = Release|Win32
		{5CD6976A-FE40-44E8-9A0D-5DF5C657DFE7}.Release|x86.ActiveCfg = Release|Win32
		{231BFC15-5438-47DB-BA12-E0C048D5ED03}.Debug|.NET.ActiveCfg = Debug
		{231BFC15-5438-47DB-BA12-E0C048D5ED03}.Debug|.NET.Build.0 = Debug
		{231BFC15-5438-47DB-BA12-E0C048D5ED03}.Debug|Any CPU.ActiveCfg = Debug
		{231BFC15-5438-47DB-BA12-E0C048D5ED03}.Debug|Any CPU.Build.0 = Debug
		{231BFC15-5438-47DB-BA12-E0C048D5ED03}.Debug|Mixed Platforms.ActiveCfg = Debug
		{231BFC15-5438-47DB-BA12-E0C048D5ED03}.Debug|Win32.ActiveCfg = Debug
		{231BFC15-5438-47DB-BA12-E0C048D5ED03}.Debug|Windows Mobile 5.0 Pocket PC SDK (ARMV4I).ActiveCfg = Debug
		{231BFC15-5438-47DB-BA12-E0C048D5ED03}.Debug|Windows Mobile 5.0 Pocket PC SDK (ARMV4I).Build.0 = Debug
		{231BFC15-5438-47DB-BA12-E0C048D5ED03}.Debug|x86.ActiveCfg = Debug
		{231BFC15-5438-47DB-BA12-E0C048D5ED03}.Release|.NET.ActiveCfg = Release
		{231BFC15-5438-47DB-BA12-E0C048D5ED03}.Release|.NET.Build.0 = Release
		{231BFC15-5438-47DB-BA12-E0C048D5ED03}.Release|Any CPU.ActiveCfg = Release
		{231BFC15-5438-47DB-BA12-E0C048D5ED03}.Release|Mixed Platforms.ActiveCfg = Release
		{231BFC15-5438-47DB-BA12-E0C048D5ED03}.Release|Win32.ActiveCfg = Release
		{231BFC15-5438-47DB-BA12-E0C048D5ED03}.Release|Windows Mobile 5.0 Pocket PC SDK (ARMV4I).ActiveCfg = Release
		{231BFC15-5438-47DB-BA12-E0C048D5ED03}.Release|Windows Mobile 5.0 Pocket PC SDK (ARMV4I).Build.0 = Release
		{231BFC15-5438-47DB-BA12-E0C048D5ED03}.Release|x86.ActiveCfg = Release
		{231BFC15-5438-47DB-BA12-E0C048D5ED03}.Release|x86.Build.0 = Release
		{AD405C07-3A38-435E-9A63-19E13B02C086}.Debug|.NET.ActiveCfg = Debug|x86
		{AD405C07-3A38-435E-9A63-19E13B02C086}.Debug|Any CPU.ActiveCfg = Debug|Any CPU
		{AD405C07-3A38-435E-9A63-19E13B02C086}.Debug|Any CPU.Build.0 = Debug|Any CPU
		{AD405C07-3A38-435E-9A63-19E13B02C086}.Debug|Mixed Platforms.ActiveCfg = Debug|Any CPU
		{AD405C07-3A38-435E-9A63-19E13B02C086}.Debug|Mixed Platforms.Build.0 = Debug|Any CPU
		{AD405C07-3A38-435E-9A63-19E13B02C086}.Debug|Win32.ActiveCfg = Debug|Any CPU
		{AD405C07-3A38-435E-9A63-19E13B02C086}.Debug|Windows Mobile 5.0 Pocket PC SDK (ARMV4I).ActiveCfg = Debug|x86
		{AD405C07-3A38-435E-9A63-19E13B02C086}.Debug|x86.ActiveCfg = Debug|Any CPU
		{AD405C07-3A38-435E-9A63-19E13B02C086}.Release|.NET.ActiveCfg = Release|x86
		{AD405C07-3A38-435E-9A63-19E13B02C086}.Release|Any CPU.ActiveCfg = Release|Any CPU
		{AD405C07-3A38-435E-9A63-19E13B02C086}.Release|Any CPU.Build.0 = Release|Any CPU
		{AD405C07-3A38-435E-9A63-19E13B02C086}.Release|Mixed Platforms.ActiveCfg = Release|Any CPU
		{AD405C07-3A38-435E-9A63-19E13B02C086}.Release|Mixed Platforms.Build.0 = Release|Any CPU
		{AD405C07-3A38-435E-9A63-19E13B02C086}.Release|Win32.ActiveCfg = Release|Any CPU
		{AD405C07-3A38-435E-9A63-19E13B02C086}.Release|Windows Mobile 5.0 Pocket PC SDK (ARMV4I).ActiveCfg = Release|x86
		{AD405C07-3A38-435E-9A63-19E13B02C086}.Release|x86.ActiveCfg = Release|x86
		{AD405C07-3A38-435E-9A63-19E13B02C086}.Release|x86.Build.0 = Release|x86
		{00553AE3-24FC-4B51-AD4A-CDD7F938737C}.Debug|.NET.ActiveCfg = Debug|Win32
		{00553AE3-24FC-4B51-AD4A-CDD7F938737C}.Debug|Any CPU.ActiveCfg = Debug|Win32
		{00553AE3-24FC-4B51-AD4A-CDD7F938737C}.Debug|Any CPU.Build.0 = Debug|Win32
		{00553AE3-24FC-4B51-AD4A-CDD7F938737C}.Debug|Mixed Platforms.ActiveCfg = Debug|Win32
		{00553AE3-24FC-4B51-AD4A-CDD7F938737C}.Debug|Mixed Platforms.Build.0 = Debug|Win32
		{00553AE3-24FC-4B51-AD4A-CDD7F938737C}.Debug|Win32.ActiveCfg = Debug|Win32
		{00553AE3-24FC-4B51-AD4A-CDD7F938737C}.Debug|Win32.Build.0 = Debug|Win32
		{00553AE3-24FC-4B51-AD4A-CDD7F938737C}.Debug|Windows Mobile 5.0 Pocket PC SDK (ARMV4I).ActiveCfg = Debug|Win32
		{00553AE3-24FC-4B51-AD4A-CDD7F938737C}.Debug|x86.ActiveCfg = Debug|Win32
		{00553AE3-24FC-4B51-AD4A-CDD7F938737C}.Debug|x86.Build.0 = Debug|Win32
		{00553AE3-24FC-4B51-AD4A-CDD7F938737C}.Release|.NET.ActiveCfg = Release|Win32
		{00553AE3-24FC-4B51-AD4A-CDD7F938737C}.Release|Any CPU.ActiveCfg = Release|Win32
		{00553AE3-24FC-4B51-AD4A-CDD7F938737C}.Release|Mixed Platforms.ActiveCfg = Release|Win32
		{00553AE3-24FC-4B51-AD4A-CDD7F938737C}.Release|Mixed Platforms.Build.0 = Release|Win32
		{00553AE3-24FC-4B51-AD4A-CDD7F938737C}.Release|Win32.ActiveCfg = Release|Win32
		{00553AE3-24FC-4B51-AD4A-CDD7F938737C}.Release|Win32.Build.0 = Release|Win32
		{00553AE3-24FC-4B51-AD4A-CDD7F938737C}.Release|Windows Mobile 5.0 Pocket PC SDK (ARMV4I).ActiveCfg = Release|Win32
		{00553AE3-24FC-4B51-AD4A-CDD7F938737C}.Release|x86.ActiveCfg = Release|Win32
		{960B8404-BD80-4819-BF56-FB35DC295C89}.Debug|.NET.ActiveCfg = Debug|Any CPU
		{960B8404-BD80-4819-BF56-FB35DC295C89}.Debug|Any CPU.ActiveCfg = Debug|Any CPU
		{960B8404-BD80-4819-BF56-FB35DC295C89}.Debug|Any CPU.Build.0 = Debug|Any CPU
		{960B8404-BD80-4819-BF56-FB35DC295C89}.Debug|Mixed Platforms.ActiveCfg = Debug|Any CPU
		{960B8404-BD80-4819-BF56-FB35DC295C89}.Debug|Mixed Platforms.Build.0 = Debug|Any CPU
		{960B8404-BD80-4819-BF56-FB35DC295C89}.Debug|Win32.ActiveCfg = Debug|Any CPU
		{960B8404-BD80-4819-BF56-FB35DC295C89}.Debug|Windows Mobile 5.0 Pocket PC SDK (ARMV4I).ActiveCfg = Debug|Any CPU
		{960B8404-BD80-4819-BF56-FB35DC295C89}.Debug|x86.ActiveCfg = Debug|Any CPU
		{960B8404-BD80-4819-BF56-FB35DC295C89}.Debug|x86.Build.0 = Debug|Any CPU
		{960B8404-BD80-4819-BF56-FB35DC295C89}.Release|.NET.ActiveCfg = Release|Any CPU
		{960B8404-BD80-4819-BF56-FB35DC295C89}.Release|Any CPU.ActiveCfg = Release|Any CPU
		{960B8404-BD80-4819-BF56-FB35DC295C89}.Release|Any CPU.Build.0 = Release|Any CPU
		{960B8404-BD80-4819-BF56-FB35DC295C89}.Release|Mixed Platforms.ActiveCfg = Release|Any CPU
		{960B8404-BD80-4819-BF56-FB35DC295C89}.Release|Mixed Platforms.Build.0 = Release|Any CPU
		{960B8404-BD80-4819-BF56-FB35DC295C89}.Release|Win32.ActiveCfg = Release|Any CPU
		{960B8404-BD80-4819-BF56-FB35DC295C89}.Release|Windows Mobile 5.0 Pocket PC SDK (ARMV4I).ActiveCfg = Release|Any CPU
		{960B8404-BD80-4819-BF56-FB35DC295C89}.Release|x86.ActiveCfg = Release|Any CPU
		{016D5CD6-2ABD-4CA5-A60B-73FC4D001E83}.Debug|.NET.ActiveCfg = Debug|Win32
		{016D5CD6-2ABD-4CA5-A60B-73FC4D001E83}.Debug|Any CPU.ActiveCfg = Debug|Win32
		{016D5CD6-2ABD-4CA5-A60B-73FC4D001E83}.Debug|Any CPU.Build.0 = Debug|Win32
		{016D5CD6-2ABD-4CA5-A60B-73FC4D001E83}.Debug|Mixed Platforms.ActiveCfg = Debug|Win32
		{016D5CD6-2ABD-4CA5-A60B-73FC4D001E83}.Debug|Mixed Platforms.Build.0 = Debug|Win32
		{016D5CD6-2ABD-4CA5-A60B-73FC4D001E83}.Debug|Win32.ActiveCfg = Debug|Win32
		{016D5CD6-2ABD-4CA5-A60B-73FC4D001E83}.Debug|Win32.Build.0 = Debug|Win32
		{016D5CD6-2ABD-4CA5-A60B-73FC4D001E83}.Debug|Windows Mobile 5.0 Pocket PC SDK (ARMV4I).ActiveCfg = Debug|Win32
		{016D5CD6-2ABD-4CA5-A60B-73FC4D001E83}.Debug|x86.ActiveCfg = Debug|Win32
		{016D5CD6-2ABD-4CA5-A60B-73FC4D001E83}.Debug|x86.Build.0 = Debug|Win32
		{016D5CD6-2ABD-4CA5-A60B-73FC4D001E83}.Release|.NET.ActiveCfg = Release|Win32
		{016D5CD6-2ABD-4CA5-A60B-73FC4D001E83}.Release|Any CPU.ActiveCfg = Release|Win32
		{016D5CD6-2ABD-4CA5-A60B-73FC4D001E83}.Release|Mixed Platforms.ActiveCfg = Release|Win32
		{016D5CD6-2ABD-4CA5-A60B-73FC4D001E83}.Release|Mixed Platforms.Build.0 = Release|Win32
		{016D5CD6-2ABD-4CA5-A60B-73FC4D001E83}.Release|Win32.ActiveCfg = Release|Win32
		{016D5CD6-2ABD-4CA5-A60B-73FC4D001E83}.Release|Win32.Build.0 = Release|Win32
		{016D5CD6-2ABD-4CA5-A60B-73FC4D001E83}.Release|Windows Mobile 5.0 Pocket PC SDK (ARMV4I).ActiveCfg = Release|Win32
		{016D5CD6-2ABD-4CA5-A60B-73FC4D001E83}.Release|x86.ActiveCfg = Release|Win32
		{4327DFFD-979A-442A-8677-A6FED9EF68A0}.Debug|.NET.ActiveCfg = Debug|Win32
		{4327DFFD-979A-442A-8677-A6FED9EF68A0}.Debug|Any CPU.ActiveCfg = Debug|Win32
		{4327DFFD-979A-442A-8677-A6FED9EF68A0}.Debug|Mixed Platforms.ActiveCfg = Debug|Win32
		{4327DFFD-979A-442A-8677-A6FED9EF68A0}.Debug|Mixed Platforms.Build.0 = Debug|Win32
		{4327DFFD-979A-442A-8677-A6FED9EF68A0}.Debug|Win32.ActiveCfg = Debug|Win32
		{4327DFFD-979A-442A-8677-A6FED9EF68A0}.Debug|Win32.Build.0 = Debug|Win32
		{4327DFFD-979A-442A-8677-A6FED9EF68A0}.Debug|Windows Mobile 5.0 Pocket PC SDK (ARMV4I).ActiveCfg = Debug|Win32
		{4327DFFD-979A-442A-8677-A6FED9EF68A0}.Debug|x86.ActiveCfg = Debug|Win32
		{4327DFFD-979A-442A-8677-A6FED9EF68A0}.Release|.NET.ActiveCfg = Release|Win32
		{4327DFFD-979A-442A-8677-A6FED9EF68A0}.Release|Any CPU.ActiveCfg = Release|Win32
		{4327DFFD-979A-442A-8677-A6FED9EF68A0}.Release|Mixed Platforms.ActiveCfg = Release|Win32
		{4327DFFD-979A-442A-8677-A6FED9EF68A0}.Release|Mixed Platforms.Build.0 = Release|Win32
		{4327DFFD-979A-442A-8677-A6FED9EF68A0}.Release|Win32.ActiveCfg = Release|Win32
		{4327DFFD-979A-442A-8677-A6FED9EF68A0}.Release|Win32.Build.0 = Release|Win32
		{4327DFFD-979A-442A-8677-A6FED9EF68A0}.Release|Windows Mobile 5.0 Pocket PC SDK (ARMV4I).ActiveCfg = Release|Win32
		{4327DFFD-979A-442A-8677-A6FED9EF68A0}.Release|x86.ActiveCfg = Release|Win32
		{5B645A3B-2424-4DCD-87F8-E26C169D3A93}.Debug|.NET.ActiveCfg = Debug|Win32
		{5B645A3B-2424-4DCD-87F8-E26C169D3A93}.Debug|Any CPU.ActiveCfg = Debug|Win32
		{5B645A3B-2424-4DCD-87F8-E26C169D3A93}.Debug|Mixed Platforms.ActiveCfg = Debug|Win32
		{5B645A3B-2424-4DCD-87F8-E26C169D3A93}.Debug|Mixed Platforms.Build.0 = Debug|Win32
		{5B645A3B-2424-4DCD-87F8-E26C169D3A93}.Debug|Win32.ActiveCfg = Debug|Win32
		{5B645A3B-2424-4DCD-87F8-E26C169D3A93}.Debug|Win32.Build.0 = Debug|Win32
		{5B645A3B-2424-4DCD-87F8-E26C169D3A93}.Debug|Windows Mobile 5.0 Pocket PC SDK (ARMV4I).ActiveCfg = Debug|Win32
		{5B645A3B-2424-4DCD-87F8-E26C169D3A93}.Debug|x86.ActiveCfg = Debug|Win32
		{5B645A3B-2424-4DCD-87F8-E26C169D3A93}.Release|.NET.ActiveCfg = Release|Win32
		{5B645A3B-2424-4DCD-87F8-E26C169D3A93}.Release|Any CPU.ActiveCfg = Release|Win32
		{5B645A3B-2424-4DCD-87F8-E26C169D3A93}.Release|Mixed Platforms.ActiveCfg = Release|Win32
		{5B645A3B-2424-4DCD-87F8-E26C169D3A93}.Release|Mixed Platforms.Build.0 = Release|Win32
		{5B645A3B-2424-4DCD-87F8-E26C169D3A93}.Release|Win32.ActiveCfg = Release|Win32
		{5B645A3B-2424-4DCD-87F8-E26C169D3A93}.Release|Win32.Build.0 = Release|Win32
		{5B645A3B-2424-4DCD-87F8-E26C169D3A93}.Release|Windows Mobile 5.0 Pocket PC SDK (ARMV4I).ActiveCfg = Release|Win32
		{5B645A3B-2424-4DCD-87F8-E26C169D3A93}.Release|x86.ActiveCfg = Release|Win32
		{0646B3BE-BF4E-482D-A0A1-4D394E0539B1}.Debug|.NET.ActiveCfg = Debug|Win32
		{0646B3BE-BF4E-482D-A0A1-4D394E0539B1}.Debug|Any CPU.ActiveCfg = Debug|Win32
		{0646B3BE-BF4E-482D-A0A1-4D394E0539B1}.Debug|Mixed Platforms.ActiveCfg = Debug|Win32
		{0646B3BE-BF4E-482D-A0A1-4D394E0539B1}.Debug|Mixed Platforms.Build.0 = Debug|Win32
		{0646B3BE-BF4E-482D-A0A1-4D394E0539B1}.Debug|Win32.ActiveCfg = Debug|Win32
		{0646B3BE-BF4E-482D-A0A1-4D394E0539B1}.Debug|Win32.Build.0 = Debug|Win32
		{0646B3BE-BF4E-482D-A0A1-4D394E0539B1}.Debug|Windows Mobile 5.0 Pocket PC SDK (ARMV4I).ActiveCfg = Debug|Win32
		{0646B3BE-BF4E-482D-A0A1-4D394E0539B1}.Debug|x86.ActiveCfg = Debug|Win32
		{0646B3BE-BF4E-482D-A0A1-4D394E0539B1}.Release|.NET.ActiveCfg = Release|Win32
		{0646B3BE-BF4E-482D-A0A1-4D394E0539B1}.Release|Any CPU.ActiveCfg = Release|Win32
		{0646B3BE-BF4E-482D-A0A1-4D394E0539B1}.Release|Mixed Platforms.ActiveCfg = Release|Win32
		{0646B3BE-BF4E-482D-A0A1-4D394E0539B1}.Release|Mixed Platforms.Build.0 = Release|Win32
		{0646B3BE-BF4E-482D-A0A1-4D394E0539B1}.Release|Win32.ActiveCfg = Release|Win32
		{0646B3BE-BF4E-482D-A0A1-4D394E0539B1}.Release|Win32.Build.0 = Release|Win32
		{0646B3BE-BF4E-482D-A0A1-4D394E0539B1}.Release|Windows Mobile 5.0 Pocket PC SDK (ARMV4I).ActiveCfg = Release|Win32
		{0646B3BE-BF4E-482D-A0A1-4D394E0539B1}.Release|x86.ActiveCfg = Release|Win32
		{2A40BEAE-B7FF-472A-B540-BD2480858BC2}.Debug|.NET.ActiveCfg = Debug|Win32
		{2A40BEAE-B7FF-472A-B540-BD2480858BC2}.Debug|Any CPU.ActiveCfg = Debug|Win32
		{2A40BEAE-B7FF-472A-B540-BD2480858BC2}.Debug|Mixed Platforms.ActiveCfg = Debug|Win32
		{2A40BEAE-B7FF-472A-B540-BD2480858BC2}.Debug|Mixed Platforms.Build.0 = Debug|Win32
		{2A40BEAE-B7FF-472A-B540-BD2480858BC2}.Debug|Win32.ActiveCfg = Debug|Win32
		{2A40BEAE-B7FF-472A-B540-BD2480858BC2}.Debug|Win32.Build.0 = Debug|Win32
		{2A40BEAE-B7FF-472A-B540-BD2480858BC2}.Debug|Windows Mobile 5.0 Pocket PC SDK (ARMV4I).ActiveCfg = Debug|Win32
		{2A40BEAE-B7FF-472A-B540-BD2480858BC2}.Debug|x86.ActiveCfg = Debug|Win32
		{2A40BEAE-B7FF-472A-B540-BD2480858BC2}.Release|.NET.ActiveCfg = Release|Win32
		{2A40BEAE-B7FF-472A-B540-BD2480858BC2}.Release|Any CPU.ActiveCfg = Release|Win32
		{2A40BEAE-B7FF-472A-B540-BD2480858BC2}.Release|Mixed Platforms.ActiveCfg = Release|Win32
		{2A40BEAE-B7FF-472A-B540-BD2480858BC2}.Release|Mixed Platforms.Build.0 = Release|Win32
		{2A40BEAE-B7FF-472A-B540-BD2480858BC2}.Release|Win32.ActiveCfg = Release|Win32
		{2A40BEAE-B7FF-472A-B540-BD2480858BC2}.Release|Win32.Build.0 = Release|Win32
		{2A40BEAE-B7FF-472A-B540-BD2480858BC2}.Release|Windows Mobile 5.0 Pocket PC SDK (ARMV4I).ActiveCfg = Release|Win32
		{2A40BEAE-B7FF-472A-B540-BD2480858BC2}.Release|x86.ActiveCfg = Release|Win32
		{96771958-0085-438E-8C20-93FA001971F3}.Debug|.NET.ActiveCfg = Debug|Any CPU
		{96771958-0085-438E-8C20-93FA001971F3}.Debug|Any CPU.ActiveCfg = Debug|Any CPU
		{96771958-0085-438E-8C20-93FA001971F3}.Debug|Any CPU.Build.0 = Debug|Any CPU
		{96771958-0085-438E-8C20-93FA001971F3}.Debug|Any CPU.Deploy.0 = Debug|Any CPU
		{96771958-0085-438E-8C20-93FA001971F3}.Debug|Mixed Platforms.ActiveCfg = Debug|Any CPU
		{96771958-0085-438E-8C20-93FA001971F3}.Debug|Mixed Platforms.Build.0 = Debug|Any CPU
		{96771958-0085-438E-8C20-93FA001971F3}.Debug|Mixed Platforms.Deploy.0 = Debug|Any CPU
		{96771958-0085-438E-8C20-93FA001971F3}.Debug|Win32.ActiveCfg = Debug|Any CPU
		{96771958-0085-438E-8C20-93FA001971F3}.Debug|Windows Mobile 5.0 Pocket PC SDK (ARMV4I).ActiveCfg = Debug|Any CPU
		{96771958-0085-438E-8C20-93FA001971F3}.Debug|x86.ActiveCfg = Debug|Any CPU
		{96771958-0085-438E-8C20-93FA001971F3}.Release|.NET.ActiveCfg = Release|Any CPU
		{96771958-0085-438E-8C20-93FA001971F3}.Release|Any CPU.ActiveCfg = Release|Any CPU
		{96771958-0085-438E-8C20-93FA001971F3}.Release|Any CPU.Build.0 = Release|Any CPU
		{96771958-0085-438E-8C20-93FA001971F3}.Release|Any CPU.Deploy.0 = Release|Any CPU
		{96771958-0085-438E-8C20-93FA001971F3}.Release|Mixed Platforms.ActiveCfg = Release|Any CPU
		{96771958-0085-438E-8C20-93FA001971F3}.Release|Mixed Platforms.Build.0 = Release|Any CPU
		{96771958-0085-438E-8C20-93FA001971F3}.Release|Mixed Platforms.Deploy.0 = Release|Any CPU
		{96771958-0085-438E-8C20-93FA001971F3}.Release|Win32.ActiveCfg = Release|Any CPU
		{96771958-0085-438E-8C20-93FA001971F3}.Release|Windows Mobile 5.0 Pocket PC SDK (ARMV4I).ActiveCfg = Release|Any CPU
		{96771958-0085-438E-8C20-93FA001971F3}.Release|x86.ActiveCfg = Release|Any CPU
		{F2F92532-4F69-4194-8B64-97F51B814E14}.Debug|.NET.ActiveCfg = Debug|Any CPU
		{F2F92532-4F69-4194-8B64-97F51B814E14}.Debug|Any CPU.ActiveCfg = Debug|Any CPU
		{F2F92532-4F69-4194-8B64-97F51B814E14}.Debug|Any CPU.Build.0 = Debug|Any CPU
		{F2F92532-4F69-4194-8B64-97F51B814E14}.Debug|Mixed Platforms.ActiveCfg = Debug|Any CPU
		{F2F92532-4F69-4194-8B64-97F51B814E14}.Debug|Mixed Platforms.Build.0 = Debug|Any CPU
		{F2F92532-4F69-4194-8B64-97F51B814E14}.Debug|Win32.ActiveCfg = Debug|Any CPU
		{F2F92532-4F69-4194-8B64-97F51B814E14}.Debug|Windows Mobile 5.0 Pocket PC SDK (ARMV4I).ActiveCfg = Debug|Any CPU
		{F2F92532-4F69-4194-8B64-97F51B814E14}.Debug|x86.ActiveCfg = Debug|Any CPU
		{F2F92532-4F69-4194-8B64-97F51B814E14}.Release|.NET.ActiveCfg = Release|Any CPU
		{F2F92532-4F69-4194-8B64-97F51B814E14}.Release|Any CPU.ActiveCfg = Release|Any CPU
		{F2F92532-4F69-4194-8B64-97F51B814E14}.Release|Any CPU.Build.0 = Release|Any CPU
		{F2F92532-4F69-4194-8B64-97F51B814E14}.Release|Mixed Platforms.ActiveCfg = Release|Any CPU
		{F2F92532-4F69-4194-8B64-97F51B814E14}.Release|Mixed Platforms.Build.0 = Release|Any CPU
		{F2F92532-4F69-4194-8B64-97F51B814E14}.Release|Win32.ActiveCfg = Release|Any CPU
		{F2F92532-4F69-4194-8B64-97F51B814E14}.Release|Windows Mobile 5.0 Pocket PC SDK (ARMV4I).ActiveCfg = Release|Any CPU
		{F2F92532-4F69-4194-8B64-97F51B814E14}.Release|x86.ActiveCfg = Release|Any CPU
		{83974ECC-68E8-4C02-A187-703217AAF03F}.Debug|.NET.ActiveCfg = Debug|Win32
		{83974ECC-68E8-4C02-A187-703217AAF03F}.Debug|Any CPU.ActiveCfg = Debug|Win32
		{83974ECC-68E8-4C02-A187-703217AAF03F}.Debug|Mixed Platforms.ActiveCfg = Debug|Win32
		{83974ECC-68E8-4C02-A187-703217AAF03F}.Debug|Mixed Platforms.Build.0 = Debug|Win32
		{83974ECC-68E8-4C02-A187-703217AAF03F}.Debug|Win32.ActiveCfg = Debug|Win32
		{83974ECC-68E8-4C02-A187-703217AAF03F}.Debug|Win32.Build.0 = Debug|Win32
		{83974ECC-68E8-4C02-A187-703217AAF03F}.Debug|Windows Mobile 5.0 Pocket PC SDK (ARMV4I).ActiveCfg = Debug|Win32
		{83974ECC-68E8-4C02-A187-703217AAF03F}.Debug|x86.ActiveCfg = Debug|Win32
		{83974ECC-68E8-4C02-A187-703217AAF03F}.Release|.NET.ActiveCfg = Release|Win32
		{83974ECC-68E8-4C02-A187-703217AAF03F}.Release|Any CPU.ActiveCfg = Release|Win32
		{83974ECC-68E8-4C02-A187-703217AAF03F}.Release|Mixed Platforms.ActiveCfg = Release|Win32
		{83974ECC-68E8-4C02-A187-703217AAF03F}.Release|Mixed Platforms.Build.0 = Release|Win32
		{83974ECC-68E8-4C02-A187-703217AAF03F}.Release|Win32.ActiveCfg = Release|Win32
		{83974ECC-68E8-4C02-A187-703217AAF03F}.Release|Win32.Build.0 = Release|Win32
		{83974ECC-68E8-4C02-A187-703217AAF03F}.Release|Windows Mobile 5.0 Pocket PC SDK (ARMV4I).ActiveCfg = Release|Win32
		{83974ECC-68E8-4C02-A187-703217AAF03F}.Release|x86.ActiveCfg = Release|Win32
	EndGlobalSection
	GlobalSection(SolutionProperties) = preSolution
		HideSolutionNode = FALSE
	EndGlobalSection
EndGlobal
