
Microsoft Visual Studio Solution File, Format Version 11.00
# Visual Studio 2010
Project("{8BC9CEB8-8B4A-11D0-8D11-00A0C91BC942}") = "AMXServer", "AMXServer\AMXServer.vcxproj", "{F78825C3-EC45-4E63-88D4-47D007298821}"
EndProject
Project("{8BC9CEB8-8B4A-11D0-8D11-00A0C91BC942}") = "EIBServer", "EIBServer\EIBServer.vcxproj", "{B4CA5BEF-2DAE-429B-AF57-E805B7A77060}"
EndProject
Project("{8BC9CEB8-8B4A-11D0-8D11-00A0C91BC942}") = "SMSServer", "SMSServer\SMSServer.vcxproj", "{FD90758B-58FA-429C-8ED6-44893DD528B1}"
EndProject
Project("{8BC9CEB8-8B4A-11D0-8D11-00A0C91BC942}") = "EIBStdLib", "EIBStdLib\EIBStdLib.vcxproj", "{50F37432-4115-463E-948E-98D57468F606}"
EndProject
Project("{8BC9CEB8-8B4A-11D0-8D11-00A0C91BC942}") = "WEBServer", "WEBServer\WEBServer.vcxproj", "{F536C566-C53E-49C0-8DAA-30209D500723}"
EndProject
Project("{8BC9CEB8-8B4A-11D0-8D11-00A0C91BC942}") = "GSM", "GSM\GSM.vcxproj", "{1F317DDC-B189-429C-9175-7845CB77577B}"
EndProject
Project("{8BC9CEB8-8B4A-11D0-8D11-00A0C91BC942}") = "JTC", "JTC\JTC.vcxproj", "{6FF24D09-1C95-4D46-B02F-5F27304A0308}"
EndProject
Project("{FAE04EC0-301F-11D3-BF4B-00C04F79EFBC}") = "EIBEmulator", "EIBEmulator\EIBEmulator.csproj", "{A7154ADF-05F5-4037-8B8E-E255689CE119}"
EndProject
Project("{FAE04EC0-301F-11D3-BF4B-00C04F79EFBC}") = "EIBConsole", "EIBConsole\EIBConsole.csproj", "{FE95A6EA-32CB-45A3-8875-92F74B4BD79A}"
EndProject
Project("{FAE04EC0-301F-11D3-BF4B-00C04F79EFBC}") = "EIBVoice", "EIBVoice\EIBVoice.csproj", "{960B8404-BD80-4819-BF56-FB35DC295C89}"
EndProject
Project("{8BC9CEB8-8B4A-11D0-8D11-00A0C91BC942}") = "EIB.NetWrapper", "EIB.NetWrapper\EIB.NetWrapper.vcxproj", "{016D5CD6-2ABD-4CA5-A60B-73FC4D001E83}"
EndProject
Project("{8BC9CEB8-8B4A-11D0-8D11-00A0C91BC942}") = "EIBRelay", "EIBRelay\EIBRelay.vcxproj", "{0E66B3DD-4AA4-4D4E-9E57-4A693A5E20DD}"
EndProject
Project("{8BC9CEB8-8B4A-11D0-8D11-00A0C91BC942}") = "EIBGenericTemplate", "EIBGenericTemplate\EIBGenericTemplate.vcxproj", "{B1644D43-B074-4D7F-9735-BA5E8115E162}"
EndProject
Project("{6141683F-8A12-4E36-9623-2EB02B2C2303}") = "EIBInstaller", "EIBInstaller\EIBInstaller.isproj", "{A84B6A62-4B9C-4882-80FB-6DB8878AD44A}"
	ProjectSection(ProjectDependencies) = postProject
		{960B8404-BD80-4819-BF56-FB35DC295C89} = {960B8404-BD80-4819-BF56-FB35DC295C89}
		{6FF24D09-1C95-4D46-B02F-5F27304A0308} = {6FF24D09-1C95-4D46-B02F-5F27304A0308}
		{50F37432-4115-463E-948E-98D57468F606} = {50F37432-4115-463E-948E-98D57468F606}
		{F536C566-C53E-49C0-8DAA-30209D500723} = {F536C566-C53E-49C0-8DAA-30209D500723}
		{FD90758B-58FA-429C-8ED6-44893DD528B1} = {FD90758B-58FA-429C-8ED6-44893DD528B1}
		{F78825C3-EC45-4E63-88D4-47D007298821} = {F78825C3-EC45-4E63-88D4-47D007298821}
		{016D5CD6-2ABD-4CA5-A60B-73FC4D001E83} = {016D5CD6-2ABD-4CA5-A60B-73FC4D001E83}
		{1F317DDC-B189-429C-9175-7845CB77577B} = {1F317DDC-B189-429C-9175-7845CB77577B}
		{0E66B3DD-4AA4-4D4E-9E57-4A693A5E20DD} = {0E66B3DD-4AA4-4D4E-9E57-4A693A5E20DD}
		{A7154ADF-05F5-4037-8B8E-E255689CE119} = {A7154ADF-05F5-4037-8B8E-E255689CE119}
		{FE95A6EA-32CB-45A3-8875-92F74B4BD79A} = {FE95A6EA-32CB-45A3-8875-92F74B4BD79A}
		{B4CA5BEF-2DAE-429B-AF57-E805B7A77060} = {B4CA5BEF-2DAE-429B-AF57-E805B7A77060}
	EndProjectSection
EndProject
Project("{8BC9CEB8-8B4A-11D0-8D11-00A0C91BC942}") = "Emulator-ng", "Emulator-ng\Emulator-ng.vcxproj", "{A734AFC1-B3F2-4FD1-A42E-7417A21F976A}"
EndProject
Global
	GlobalSection(SolutionConfigurationPlatforms) = preSolution
		CD_ROM|Any CPU = CD_ROM|Any CPU
		CD_ROM|Mixed Platforms = CD_ROM|Mixed Platforms
		CD_ROM|Win32 = CD_ROM|Win32
		CD_ROM|x86 = CD_ROM|x86
		Debug|Any CPU = Debug|Any CPU
		Debug|Mixed Platforms = Debug|Mixed Platforms
		Debug|Win32 = Debug|Win32
		Debug|x86 = Debug|x86
		DVD-5|Any CPU = DVD-5|Any CPU
		DVD-5|Mixed Platforms = DVD-5|Mixed Platforms
		DVD-5|Win32 = DVD-5|Win32
		DVD-5|x86 = DVD-5|x86
		Release|Any CPU = Release|Any CPU
		Release|Mixed Platforms = Release|Mixed Platforms
		Release|Win32 = Release|Win32
		Release|x86 = Release|x86
		SingleImage|Any CPU = SingleImage|Any CPU
		SingleImage|Mixed Platforms = SingleImage|Mixed Platforms
		SingleImage|Win32 = SingleImage|Win32
		SingleImage|x86 = SingleImage|x86
	EndGlobalSection
	GlobalSection(ProjectConfigurationPlatforms) = postSolution
		{F78825C3-EC45-4E63-88D4-47D007298821}.CD_ROM|Any CPU.ActiveCfg = Release|Win32
		{F78825C3-EC45-4E63-88D4-47D007298821}.CD_ROM|Mixed Platforms.ActiveCfg = Release|Win32
		{F78825C3-EC45-4E63-88D4-47D007298821}.CD_ROM|Mixed Platforms.Build.0 = Release|Win32
		{F78825C3-EC45-4E63-88D4-47D007298821}.CD_ROM|Win32.ActiveCfg = Release|Win32
		{F78825C3-EC45-4E63-88D4-47D007298821}.CD_ROM|Win32.Build.0 = Release|Win32
		{F78825C3-EC45-4E63-88D4-47D007298821}.CD_ROM|x86.ActiveCfg = Release|Win32
		{F78825C3-EC45-4E63-88D4-47D007298821}.Debug|Any CPU.ActiveCfg = Debug|Win32
		{F78825C3-EC45-4E63-88D4-47D007298821}.Debug|Mixed Platforms.ActiveCfg = Debug|Win32
		{F78825C3-EC45-4E63-88D4-47D007298821}.Debug|Mixed Platforms.Build.0 = Debug|Win32
		{F78825C3-EC45-4E63-88D4-47D007298821}.Debug|Win32.ActiveCfg = Debug|Win32
		{F78825C3-EC45-4E63-88D4-47D007298821}.Debug|Win32.Build.0 = Debug|Win32
		{F78825C3-EC45-4E63-88D4-47D007298821}.Debug|x86.ActiveCfg = Debug|Win32
		{F78825C3-EC45-4E63-88D4-47D007298821}.DVD-5|Any CPU.ActiveCfg = Debug|Win32
		{F78825C3-EC45-4E63-88D4-47D007298821}.DVD-5|Mixed Platforms.ActiveCfg = Debug|Win32
		{F78825C3-EC45-4E63-88D4-47D007298821}.DVD-5|Mixed Platforms.Build.0 = Debug|Win32
		{F78825C3-EC45-4E63-88D4-47D007298821}.DVD-5|Win32.ActiveCfg = Debug|Win32
		{F78825C3-EC45-4E63-88D4-47D007298821}.DVD-5|Win32.Build.0 = Debug|Win32
		{F78825C3-EC45-4E63-88D4-47D007298821}.DVD-5|x86.ActiveCfg = Debug|Win32
		{F78825C3-EC45-4E63-88D4-47D007298821}.Release|Any CPU.ActiveCfg = Release|Win32
		{F78825C3-EC45-4E63-88D4-47D007298821}.Release|Mixed Platforms.ActiveCfg = Release|Win32
		{F78825C3-EC45-4E63-88D4-47D007298821}.Release|Mixed Platforms.Build.0 = Release|Win32
		{F78825C3-EC45-4E63-88D4-47D007298821}.Release|Win32.ActiveCfg = Release|Win32
		{F78825C3-EC45-4E63-88D4-47D007298821}.Release|Win32.Build.0 = Release|Win32
		{F78825C3-EC45-4E63-88D4-47D007298821}.Release|x86.ActiveCfg = Release|Win32
		{F78825C3-EC45-4E63-88D4-47D007298821}.SingleImage|Any CPU.ActiveCfg = Release|Win32
		{F78825C3-EC45-4E63-88D4-47D007298821}.SingleImage|Mixed Platforms.ActiveCfg = Release|Win32
		{F78825C3-EC45-4E63-88D4-47D007298821}.SingleImage|Mixed Platforms.Build.0 = Release|Win32
		{F78825C3-EC45-4E63-88D4-47D007298821}.SingleImage|Win32.ActiveCfg = Release|Win32
		{F78825C3-EC45-4E63-88D4-47D007298821}.SingleImage|Win32.Build.0 = Release|Win32
		{F78825C3-EC45-4E63-88D4-47D007298821}.SingleImage|x86.ActiveCfg = Release|Win32
		{B4CA5BEF-2DAE-429B-AF57-E805B7A77060}.CD_ROM|Any CPU.ActiveCfg = Release|Win32
		{B4CA5BEF-2DAE-429B-AF57-E805B7A77060}.CD_ROM|Mixed Platforms.ActiveCfg = Release|Win32
		{B4CA5BEF-2DAE-429B-AF57-E805B7A77060}.CD_ROM|Mixed Platforms.Build.0 = Release|Win32
		{B4CA5BEF-2DAE-429B-AF57-E805B7A77060}.CD_ROM|Win32.ActiveCfg = Release|Win32
		{B4CA5BEF-2DAE-429B-AF57-E805B7A77060}.CD_ROM|Win32.Build.0 = Release|Win32
		{B4CA5BEF-2DAE-429B-AF57-E805B7A77060}.CD_ROM|x86.ActiveCfg = Release|Win32
		{B4CA5BEF-2DAE-429B-AF57-E805B7A77060}.Debug|Any CPU.ActiveCfg = Debug|Win32
		{B4CA5BEF-2DAE-429B-AF57-E805B7A77060}.Debug|Mixed Platforms.ActiveCfg = Debug|Win32
		{B4CA5BEF-2DAE-429B-AF57-E805B7A77060}.Debug|Mixed Platforms.Build.0 = Debug|Win32
		{B4CA5BEF-2DAE-429B-AF57-E805B7A77060}.Debug|Win32.ActiveCfg = Debug|Win32
		{B4CA5BEF-2DAE-429B-AF57-E805B7A77060}.Debug|Win32.Build.0 = Debug|Win32
		{B4CA5BEF-2DAE-429B-AF57-E805B7A77060}.Debug|x86.ActiveCfg = Debug|Win32
		{B4CA5BEF-2DAE-429B-AF57-E805B7A77060}.DVD-5|Any CPU.ActiveCfg = Debug|Win32
		{B4CA5BEF-2DAE-429B-AF57-E805B7A77060}.DVD-5|Mixed Platforms.ActiveCfg = Debug|Win32
		{B4CA5BEF-2DAE-429B-AF57-E805B7A77060}.DVD-5|Mixed Platforms.Build.0 = Debug|Win32
		{B4CA5BEF-2DAE-429B-AF57-E805B7A77060}.DVD-5|Win32.ActiveCfg = Debug|Win32
		{B4CA5BEF-2DAE-429B-AF57-E805B7A77060}.DVD-5|Win32.Build.0 = Debug|Win32
		{B4CA5BEF-2DAE-429B-AF57-E805B7A77060}.DVD-5|x86.ActiveCfg = Debug|Win32
		{B4CA5BEF-2DAE-429B-AF57-E805B7A77060}.Release|Any CPU.ActiveCfg = Release|Win32
		{B4CA5BEF-2DAE-429B-AF57-E805B7A77060}.Release|Mixed Platforms.ActiveCfg = Release|Win32
		{B4CA5BEF-2DAE-429B-AF57-E805B7A77060}.Release|Mixed Platforms.Build.0 = Release|Win32
		{B4CA5BEF-2DAE-429B-AF57-E805B7A77060}.Release|Win32.ActiveCfg = Release|Win32
		{B4CA5BEF-2DAE-429B-AF57-E805B7A77060}.Release|Win32.Build.0 = Release|Win32
		{B4CA5BEF-2DAE-429B-AF57-E805B7A77060}.Release|x86.ActiveCfg = Release|Win32
		{B4CA5BEF-2DAE-429B-AF57-E805B7A77060}.SingleImage|Any CPU.ActiveCfg = Release|Win32
		{B4CA5BEF-2DAE-429B-AF57-E805B7A77060}.SingleImage|Mixed Platforms.ActiveCfg = Release|Win32
		{B4CA5BEF-2DAE-429B-AF57-E805B7A77060}.SingleImage|Mixed Platforms.Build.0 = Release|Win32
		{B4CA5BEF-2DAE-429B-AF57-E805B7A77060}.SingleImage|Win32.ActiveCfg = Release|Win32
		{B4CA5BEF-2DAE-429B-AF57-E805B7A77060}.SingleImage|Win32.Build.0 = Release|Win32
		{B4CA5BEF-2DAE-429B-AF57-E805B7A77060}.SingleImage|x86.ActiveCfg = Release|Win32
		{FD90758B-58FA-429C-8ED6-44893DD528B1}.CD_ROM|Any CPU.ActiveCfg = Release|Win32
		{FD90758B-58FA-429C-8ED6-44893DD528B1}.CD_ROM|Mixed Platforms.ActiveCfg = Release|Win32
		{FD90758B-58FA-429C-8ED6-44893DD528B1}.CD_ROM|Mixed Platforms.Build.0 = Release|Win32
		{FD90758B-58FA-429C-8ED6-44893DD528B1}.CD_ROM|Win32.ActiveCfg = Release|Win32
		{FD90758B-58FA-429C-8ED6-44893DD528B1}.CD_ROM|Win32.Build.0 = Release|Win32
		{FD90758B-58FA-429C-8ED6-44893DD528B1}.CD_ROM|x86.ActiveCfg = Release|Win32
		{FD90758B-58FA-429C-8ED6-44893DD528B1}.Debug|Any CPU.ActiveCfg = Debug|Win32
		{FD90758B-58FA-429C-8ED6-44893DD528B1}.Debug|Mixed Platforms.ActiveCfg = Debug|Win32
		{FD90758B-58FA-429C-8ED6-44893DD528B1}.Debug|Mixed Platforms.Build.0 = Debug|Win32
		{FD90758B-58FA-429C-8ED6-44893DD528B1}.Debug|Win32.ActiveCfg = Debug|Win32
		{FD90758B-58FA-429C-8ED6-44893DD528B1}.Debug|Win32.Build.0 = Debug|Win32
		{FD90758B-58FA-429C-8ED6-44893DD528B1}.Debug|x86.ActiveCfg = Debug|Win32
		{FD90758B-58FA-429C-8ED6-44893DD528B1}.DVD-5|Any CPU.ActiveCfg = Debug|Win32
		{FD90758B-58FA-429C-8ED6-44893DD528B1}.DVD-5|Mixed Platforms.ActiveCfg = Debug|Win32
		{FD90758B-58FA-429C-8ED6-44893DD528B1}.DVD-5|Mixed Platforms.Build.0 = Debug|Win32
		{FD90758B-58FA-429C-8ED6-44893DD528B1}.DVD-5|Win32.ActiveCfg = Debug|Win32
		{FD90758B-58FA-429C-8ED6-44893DD528B1}.DVD-5|Win32.Build.0 = Debug|Win32
		{FD90758B-58FA-429C-8ED6-44893DD528B1}.DVD-5|x86.ActiveCfg = Debug|Win32
		{FD90758B-58FA-429C-8ED6-44893DD528B1}.Release|Any CPU.ActiveCfg = Release|Win32
		{FD90758B-58FA-429C-8ED6-44893DD528B1}.Release|Mixed Platforms.ActiveCfg = Release|Win32
		{FD90758B-58FA-429C-8ED6-44893DD528B1}.Release|Mixed Platforms.Build.0 = Release|Win32
		{FD90758B-58FA-429C-8ED6-44893DD528B1}.Release|Win32.ActiveCfg = Release|Win32
		{FD90758B-58FA-429C-8ED6-44893DD528B1}.Release|Win32.Build.0 = Release|Win32
		{FD90758B-58FA-429C-8ED6-44893DD528B1}.Release|x86.ActiveCfg = Release|Win32
		{FD90758B-58FA-429C-8ED6-44893DD528B1}.SingleImage|Any CPU.ActiveCfg = Release|Win32
		{FD90758B-58FA-429C-8ED6-44893DD528B1}.SingleImage|Mixed Platforms.ActiveCfg = Release|Win32
		{FD90758B-58FA-429C-8ED6-44893DD528B1}.SingleImage|Mixed Platforms.Build.0 = Release|Win32
		{FD90758B-58FA-429C-8ED6-44893DD528B1}.SingleImage|Win32.ActiveCfg = Release|Win32
		{FD90758B-58FA-429C-8ED6-44893DD528B1}.SingleImage|Win32.Build.0 = Release|Win32
		{FD90758B-58FA-429C-8ED6-44893DD528B1}.SingleImage|x86.ActiveCfg = Release|Win32
		{50F37432-4115-463E-948E-98D57468F606}.CD_ROM|Any CPU.ActiveCfg = Release|Win32
		{50F37432-4115-463E-948E-98D57468F606}.CD_ROM|Mixed Platforms.ActiveCfg = Release|Win32
		{50F37432-4115-463E-948E-98D57468F606}.CD_ROM|Mixed Platforms.Build.0 = Release|Win32
		{50F37432-4115-463E-948E-98D57468F606}.CD_ROM|Win32.ActiveCfg = Release|Win32
		{50F37432-4115-463E-948E-98D57468F606}.CD_ROM|Win32.Build.0 = Release|Win32
		{50F37432-4115-463E-948E-98D57468F606}.CD_ROM|x86.ActiveCfg = Release|Win32
		{50F37432-4115-463E-948E-98D57468F606}.Debug|Any CPU.ActiveCfg = Debug|Win32
		{50F37432-4115-463E-948E-98D57468F606}.Debug|Mixed Platforms.ActiveCfg = Debug|Win32
		{50F37432-4115-463E-948E-98D57468F606}.Debug|Mixed Platforms.Build.0 = Debug|Win32
		{50F37432-4115-463E-948E-98D57468F606}.Debug|Win32.ActiveCfg = Debug|Win32
		{50F37432-4115-463E-948E-98D57468F606}.Debug|Win32.Build.0 = Debug|Win32
		{50F37432-4115-463E-948E-98D57468F606}.Debug|x86.ActiveCfg = Debug|Win32
		{50F37432-4115-463E-948E-98D57468F606}.DVD-5|Any CPU.ActiveCfg = Debug|Win32
		{50F37432-4115-463E-948E-98D57468F606}.DVD-5|Mixed Platforms.ActiveCfg = Debug|Win32
		{50F37432-4115-463E-948E-98D57468F606}.DVD-5|Mixed Platforms.Build.0 = Debug|Win32
		{50F37432-4115-463E-948E-98D57468F606}.DVD-5|Win32.ActiveCfg = Debug|Win32
		{50F37432-4115-463E-948E-98D57468F606}.DVD-5|Win32.Build.0 = Debug|Win32
		{50F37432-4115-463E-948E-98D57468F606}.DVD-5|x86.ActiveCfg = Debug|Win32
		{50F37432-4115-463E-948E-98D57468F606}.Release|Any CPU.ActiveCfg = Release|Win32
		{50F37432-4115-463E-948E-98D57468F606}.Release|Mixed Platforms.ActiveCfg = Release|Win32
		{50F37432-4115-463E-948E-98D57468F606}.Release|Mixed Platforms.Build.0 = Release|Win32
		{50F37432-4115-463E-948E-98D57468F606}.Release|Win32.ActiveCfg = Release|Win32
		{50F37432-4115-463E-948E-98D57468F606}.Release|Win32.Build.0 = Release|Win32
		{50F37432-4115-463E-948E-98D57468F606}.Release|x86.ActiveCfg = Release|Win32
		{50F37432-4115-463E-948E-98D57468F606}.SingleImage|Any CPU.ActiveCfg = Release|Win32
		{50F37432-4115-463E-948E-98D57468F606}.SingleImage|Mixed Platforms.ActiveCfg = Release|Win32
		{50F37432-4115-463E-948E-98D57468F606}.SingleImage|Mixed Platforms.Build.0 = Release|Win32
		{50F37432-4115-463E-948E-98D57468F606}.SingleImage|Win32.ActiveCfg = Release|Win32
		{50F37432-4115-463E-948E-98D57468F606}.SingleImage|Win32.Build.0 = Release|Win32
		{50F37432-4115-463E-948E-98D57468F606}.SingleImage|x86.ActiveCfg = Release|Win32
		{F536C566-C53E-49C0-8DAA-30209D500723}.CD_ROM|Any CPU.ActiveCfg = Release|Win32
		{F536C566-C53E-49C0-8DAA-30209D500723}.CD_ROM|Mixed Platforms.ActiveCfg = Release|Win32
		{F536C566-C53E-49C0-8DAA-30209D500723}.CD_ROM|Mixed Platforms.Build.0 = Release|Win32
		{F536C566-C53E-49C0-8DAA-30209D500723}.CD_ROM|Win32.ActiveCfg = Release|Win32
		{F536C566-C53E-49C0-8DAA-30209D500723}.CD_ROM|Win32.Build.0 = Release|Win32
		{F536C566-C53E-49C0-8DAA-30209D500723}.CD_ROM|x86.ActiveCfg = Release|Win32
		{F536C566-C53E-49C0-8DAA-30209D500723}.Debug|Any CPU.ActiveCfg = Debug|Win32
		{F536C566-C53E-49C0-8DAA-30209D500723}.Debug|Mixed Platforms.ActiveCfg = Debug|Win32
		{F536C566-C53E-49C0-8DAA-30209D500723}.Debug|Mixed Platforms.Build.0 = Debug|Win32
		{F536C566-C53E-49C0-8DAA-30209D500723}.Debug|Win32.ActiveCfg = Debug|Win32
		{F536C566-C53E-49C0-8DAA-30209D500723}.Debug|Win32.Build.0 = Debug|Win32
		{F536C566-C53E-49C0-8DAA-30209D500723}.Debug|x86.ActiveCfg = Debug|Win32
		{F536C566-C53E-49C0-8DAA-30209D500723}.DVD-5|Any CPU.ActiveCfg = Debug|Win32
		{F536C566-C53E-49C0-8DAA-30209D500723}.DVD-5|Mixed Platforms.ActiveCfg = Debug|Win32
		{F536C566-C53E-49C0-8DAA-30209D500723}.DVD-5|Mixed Platforms.Build.0 = Debug|Win32
		{F536C566-C53E-49C0-8DAA-30209D500723}.DVD-5|Win32.ActiveCfg = Debug|Win32
		{F536C566-C53E-49C0-8DAA-30209D500723}.DVD-5|Win32.Build.0 = Debug|Win32
		{F536C566-C53E-49C0-8DAA-30209D500723}.DVD-5|x86.ActiveCfg = Debug|Win32
		{F536C566-C53E-49C0-8DAA-30209D500723}.Release|Any CPU.ActiveCfg = Release|Win32
		{F536C566-C53E-49C0-8DAA-30209D500723}.Release|Mixed Platforms.ActiveCfg = Release|Win32
		{F536C566-C53E-49C0-8DAA-30209D500723}.Release|Mixed Platforms.Build.0 = Release|Win32
		{F536C566-C53E-49C0-8DAA-30209D500723}.Release|Win32.ActiveCfg = Release|Win32
		{F536C566-C53E-49C0-8DAA-30209D500723}.Release|Win32.Build.0 = Release|Win32
		{F536C566-C53E-49C0-8DAA-30209D500723}.Release|x86.ActiveCfg = Release|Win32
		{F536C566-C53E-49C0-8DAA-30209D500723}.SingleImage|Any CPU.ActiveCfg = Release|Win32
		{F536C566-C53E-49C0-8DAA-30209D500723}.SingleImage|Mixed Platforms.ActiveCfg = Release|Win32
		{F536C566-C53E-49C0-8DAA-30209D500723}.SingleImage|Mixed Platforms.Build.0 = Release|Win32
		{F536C566-C53E-49C0-8DAA-30209D500723}.SingleImage|Win32.ActiveCfg = Release|Win32
		{F536C566-C53E-49C0-8DAA-30209D500723}.SingleImage|Win32.Build.0 = Release|Win32
		{F536C566-C53E-49C0-8DAA-30209D500723}.SingleImage|x86.ActiveCfg = Release|Win32
		{1F317DDC-B189-429C-9175-7845CB77577B}.CD_ROM|Any CPU.ActiveCfg = Release|Win32
		{1F317DDC-B189-429C-9175-7845CB77577B}.CD_ROM|Mixed Platforms.ActiveCfg = Release|Win32
		{1F317DDC-B189-429C-9175-7845CB77577B}.CD_ROM|Mixed Platforms.Build.0 = Release|Win32
		{1F317DDC-B189-429C-9175-7845CB77577B}.CD_ROM|Win32.ActiveCfg = Release|Win32
		{1F317DDC-B189-429C-9175-7845CB77577B}.CD_ROM|Win32.Build.0 = Release|Win32
		{1F317DDC-B189-429C-9175-7845CB77577B}.CD_ROM|x86.ActiveCfg = Release|Win32
		{1F317DDC-B189-429C-9175-7845CB77577B}.Debug|Any CPU.ActiveCfg = Debug|Win32
		{1F317DDC-B189-429C-9175-7845CB77577B}.Debug|Mixed Platforms.ActiveCfg = Debug|Win32
		{1F317DDC-B189-429C-9175-7845CB77577B}.Debug|Mixed Platforms.Build.0 = Debug|Win32
		{1F317DDC-B189-429C-9175-7845CB77577B}.Debug|Win32.ActiveCfg = Debug|Win32
		{1F317DDC-B189-429C-9175-7845CB77577B}.Debug|Win32.Build.0 = Debug|Win32
		{1F317DDC-B189-429C-9175-7845CB77577B}.Debug|x86.ActiveCfg = Debug|Win32
		{1F317DDC-B189-429C-9175-7845CB77577B}.DVD-5|Any CPU.ActiveCfg = Debug|Win32
		{1F317DDC-B189-429C-9175-7845CB77577B}.DVD-5|Mixed Platforms.ActiveCfg = Debug|Win32
		{1F317DDC-B189-429C-9175-7845CB77577B}.DVD-5|Mixed Platforms.Build.0 = Debug|Win32
		{1F317DDC-B189-429C-9175-7845CB77577B}.DVD-5|Win32.ActiveCfg = Debug|Win32
		{1F317DDC-B189-429C-9175-7845CB77577B}.DVD-5|Win32.Build.0 = Debug|Win32
		{1F317DDC-B189-429C-9175-7845CB77577B}.DVD-5|x86.ActiveCfg = Debug|Win32
		{1F317DDC-B189-429C-9175-7845CB77577B}.Release|Any CPU.ActiveCfg = Release|Win32
		{1F317DDC-B189-429C-9175-7845CB77577B}.Release|Mixed Platforms.ActiveCfg = Release|Win32
		{1F317DDC-B189-429C-9175-7845CB77577B}.Release|Mixed Platforms.Build.0 = Release|Win32
		{1F317DDC-B189-429C-9175-7845CB77577B}.Release|Win32.ActiveCfg = Release|Win32
		{1F317DDC-B189-429C-9175-7845CB77577B}.Release|Win32.Build.0 = Release|Win32
		{1F317DDC-B189-429C-9175-7845CB77577B}.Release|x86.ActiveCfg = Release|Win32
		{1F317DDC-B189-429C-9175-7845CB77577B}.SingleImage|Any CPU.ActiveCfg = Release|Win32
		{1F317DDC-B189-429C-9175-7845CB77577B}.SingleImage|Mixed Platforms.ActiveCfg = Release|Win32
		{1F317DDC-B189-429C-9175-7845CB77577B}.SingleImage|Mixed Platforms.Build.0 = Release|Win32
		{1F317DDC-B189-429C-9175-7845CB77577B}.SingleImage|Win32.ActiveCfg = Release|Win32
		{1F317DDC-B189-429C-9175-7845CB77577B}.SingleImage|Win32.Build.0 = Release|Win32
		{1F317DDC-B189-429C-9175-7845CB77577B}.SingleImage|x86.ActiveCfg = Release|Win32
		{6FF24D09-1C95-4D46-B02F-5F27304A0308}.CD_ROM|Any CPU.ActiveCfg = Release|Win32
		{6FF24D09-1C95-4D46-B02F-5F27304A0308}.CD_ROM|Mixed Platforms.ActiveCfg = Release|Win32
		{6FF24D09-1C95-4D46-B02F-5F27304A0308}.CD_ROM|Mixed Platforms.Build.0 = Release|Win32
		{6FF24D09-1C95-4D46-B02F-5F27304A0308}.CD_ROM|Win32.ActiveCfg = Release|Win32
		{6FF24D09-1C95-4D46-B02F-5F27304A0308}.CD_ROM|Win32.Build.0 = Release|Win32
		{6FF24D09-1C95-4D46-B02F-5F27304A0308}.CD_ROM|x86.ActiveCfg = Release|Win32
		{6FF24D09-1C95-4D46-B02F-5F27304A0308}.Debug|Any CPU.ActiveCfg = Debug|Win32
		{6FF24D09-1C95-4D46-B02F-5F27304A0308}.Debug|Mixed Platforms.ActiveCfg = Debug|Win32
		{6FF24D09-1C95-4D46-B02F-5F27304A0308}.Debug|Mixed Platforms.Build.0 = Debug|Win32
		{6FF24D09-1C95-4D46-B02F-5F27304A0308}.Debug|Win32.ActiveCfg = Debug|Win32
		{6FF24D09-1C95-4D46-B02F-5F27304A0308}.Debug|Win32.Build.0 = Debug|Win32
		{6FF24D09-1C95-4D46-B02F-5F27304A0308}.Debug|x86.ActiveCfg = Debug|Win32
		{6FF24D09-1C95-4D46-B02F-5F27304A0308}.DVD-5|Any CPU.ActiveCfg = Debug|Win32
		{6FF24D09-1C95-4D46-B02F-5F27304A0308}.DVD-5|Mixed Platforms.ActiveCfg = Debug|Win32
		{6FF24D09-1C95-4D46-B02F-5F27304A0308}.DVD-5|Mixed Platforms.Build.0 = Debug|Win32
		{6FF24D09-1C95-4D46-B02F-5F27304A0308}.DVD-5|Win32.ActiveCfg = Debug|Win32
		{6FF24D09-1C95-4D46-B02F-5F27304A0308}.DVD-5|Win32.Build.0 = Debug|Win32
		{6FF24D09-1C95-4D46-B02F-5F27304A0308}.DVD-5|x86.ActiveCfg = Debug|Win32
		{6FF24D09-1C95-4D46-B02F-5F27304A0308}.Release|Any CPU.ActiveCfg = Release|Win32
		{6FF24D09-1C95-4D46-B02F-5F27304A0308}.Release|Mixed Platforms.ActiveCfg = Release|Win32
		{6FF24D09-1C95-4D46-B02F-5F27304A0308}.Release|Mixed Platforms.Build.0 = Release|Win32
		{6FF24D09-1C95-4D46-B02F-5F27304A0308}.Release|Win32.ActiveCfg = Release|Win32
		{6FF24D09-1C95-4D46-B02F-5F27304A0308}.Release|Win32.Build.0 = Release|Win32
		{6FF24D09-1C95-4D46-B02F-5F27304A0308}.Release|x86.ActiveCfg = Release|Win32
		{6FF24D09-1C95-4D46-B02F-5F27304A0308}.SingleImage|Any CPU.ActiveCfg = Release|Win32
		{6FF24D09-1C95-4D46-B02F-5F27304A0308}.SingleImage|Mixed Platforms.ActiveCfg = Release|Win32
		{6FF24D09-1C95-4D46-B02F-5F27304A0308}.SingleImage|Mixed Platforms.Build.0 = Release|Win32
		{6FF24D09-1C95-4D46-B02F-5F27304A0308}.SingleImage|Win32.ActiveCfg = Release|Win32
		{6FF24D09-1C95-4D46-B02F-5F27304A0308}.SingleImage|Win32.Build.0 = Release|Win32
		{6FF24D09-1C95-4D46-B02F-5F27304A0308}.SingleImage|x86.ActiveCfg = Release|Win32
		{A7154ADF-05F5-4037-8B8E-E255689CE119}.CD_ROM|Any CPU.ActiveCfg = Release|x86
		{A7154ADF-05F5-4037-8B8E-E255689CE119}.CD_ROM|Mixed Platforms.ActiveCfg = Release|x86
		{A7154ADF-05F5-4037-8B8E-E255689CE119}.CD_ROM|Mixed Platforms.Build.0 = Release|x86
		{A7154ADF-05F5-4037-8B8E-E255689CE119}.CD_ROM|Win32.ActiveCfg = Release|x86
		{A7154ADF-05F5-4037-8B8E-E255689CE119}.CD_ROM|x86.ActiveCfg = Release|x86
		{A7154ADF-05F5-4037-8B8E-E255689CE119}.CD_ROM|x86.Build.0 = Release|x86
		{A7154ADF-05F5-4037-8B8E-E255689CE119}.Debug|Any CPU.ActiveCfg = Debug|x86
		{A7154ADF-05F5-4037-8B8E-E255689CE119}.Debug|Mixed Platforms.ActiveCfg = Debug|x86
		{A7154ADF-05F5-4037-8B8E-E255689CE119}.Debug|Mixed Platforms.Build.0 = Debug|x86
		{A7154ADF-05F5-4037-8B8E-E255689CE119}.Debug|Win32.ActiveCfg = Debug|x86
		{A7154ADF-05F5-4037-8B8E-E255689CE119}.Debug|x86.ActiveCfg = Debug|x86
		{A7154ADF-05F5-4037-8B8E-E255689CE119}.Debug|x86.Build.0 = Debug|x86
		{A7154ADF-05F5-4037-8B8E-E255689CE119}.DVD-5|Any CPU.ActiveCfg = Debug|x86
		{A7154ADF-05F5-4037-8B8E-E255689CE119}.DVD-5|Mixed Platforms.ActiveCfg = Debug|x86
		{A7154ADF-05F5-4037-8B8E-E255689CE119}.DVD-5|Mixed Platforms.Build.0 = Debug|x86
		{A7154ADF-05F5-4037-8B8E-E255689CE119}.DVD-5|Win32.ActiveCfg = Debug|x86
		{A7154ADF-05F5-4037-8B8E-E255689CE119}.DVD-5|x86.ActiveCfg = Debug|x86
		{A7154ADF-05F5-4037-8B8E-E255689CE119}.DVD-5|x86.Build.0 = Debug|x86
		{A7154ADF-05F5-4037-8B8E-E255689CE119}.Release|Any CPU.ActiveCfg = Release|x86
		{A7154ADF-05F5-4037-8B8E-E255689CE119}.Release|Mixed Platforms.ActiveCfg = Release|x86
		{A7154ADF-05F5-4037-8B8E-E255689CE119}.Release|Mixed Platforms.Build.0 = Release|x86
		{A7154ADF-05F5-4037-8B8E-E255689CE119}.Release|Win32.ActiveCfg = Release|x86
		{A7154ADF-05F5-4037-8B8E-E255689CE119}.Release|x86.ActiveCfg = Release|x86
		{A7154ADF-05F5-4037-8B8E-E255689CE119}.Release|x86.Build.0 = Release|x86
		{A7154ADF-05F5-4037-8B8E-E255689CE119}.SingleImage|Any CPU.ActiveCfg = Release|x86
		{A7154ADF-05F5-4037-8B8E-E255689CE119}.SingleImage|Mixed Platforms.ActiveCfg = Release|x86
		{A7154ADF-05F5-4037-8B8E-E255689CE119}.SingleImage|Mixed Platforms.Build.0 = Release|x86
		{A7154ADF-05F5-4037-8B8E-E255689CE119}.SingleImage|Win32.ActiveCfg = Release|x86
		{A7154ADF-05F5-4037-8B8E-E255689CE119}.SingleImage|x86.ActiveCfg = Release|x86
		{A7154ADF-05F5-4037-8B8E-E255689CE119}.SingleImage|x86.Build.0 = Release|x86
		{FE95A6EA-32CB-45A3-8875-92F74B4BD79A}.CD_ROM|Any CPU.ActiveCfg = Release|x86
		{FE95A6EA-32CB-45A3-8875-92F74B4BD79A}.CD_ROM|Mixed Platforms.ActiveCfg = Release|x86
		{FE95A6EA-32CB-45A3-8875-92F74B4BD79A}.CD_ROM|Mixed Platforms.Build.0 = Release|x86
		{FE95A6EA-32CB-45A3-8875-92F74B4BD79A}.CD_ROM|Win32.ActiveCfg = Release|x86
		{FE95A6EA-32CB-45A3-8875-92F74B4BD79A}.CD_ROM|x86.ActiveCfg = Release|x86
		{FE95A6EA-32CB-45A3-8875-92F74B4BD79A}.CD_ROM|x86.Build.0 = Release|x86
		{FE95A6EA-32CB-45A3-8875-92F74B4BD79A}.Debug|Any CPU.ActiveCfg = Debug|x86
		{FE95A6EA-32CB-45A3-8875-92F74B4BD79A}.Debug|Mixed Platforms.ActiveCfg = Debug|x86
		{FE95A6EA-32CB-45A3-8875-92F74B4BD79A}.Debug|Mixed Platforms.Build.0 = Debug|x86
		{FE95A6EA-32CB-45A3-8875-92F74B4BD79A}.Debug|Win32.ActiveCfg = Debug|x86
		{FE95A6EA-32CB-45A3-8875-92F74B4BD79A}.Debug|x86.ActiveCfg = Debug|x86
		{FE95A6EA-32CB-45A3-8875-92F74B4BD79A}.Debug|x86.Build.0 = Debug|x86
		{FE95A6EA-32CB-45A3-8875-92F74B4BD79A}.DVD-5|Any CPU.ActiveCfg = Debug|x86
		{FE95A6EA-32CB-45A3-8875-92F74B4BD79A}.DVD-5|Mixed Platforms.ActiveCfg = Debug|x86
		{FE95A6EA-32CB-45A3-8875-92F74B4BD79A}.DVD-5|Mixed Platforms.Build.0 = Debug|x86
		{FE95A6EA-32CB-45A3-8875-92F74B4BD79A}.DVD-5|Win32.ActiveCfg = Debug|x86
		{FE95A6EA-32CB-45A3-8875-92F74B4BD79A}.DVD-5|x86.ActiveCfg = Debug|x86
		{FE95A6EA-32CB-45A3-8875-92F74B4BD79A}.DVD-5|x86.Build.0 = Debug|x86
		{FE95A6EA-32CB-45A3-8875-92F74B4BD79A}.Release|Any CPU.ActiveCfg = Release|x86
		{FE95A6EA-32CB-45A3-8875-92F74B4BD79A}.Release|Mixed Platforms.ActiveCfg = Release|x86
		{FE95A6EA-32CB-45A3-8875-92F74B4BD79A}.Release|Mixed Platforms.Build.0 = Release|x86
		{FE95A6EA-32CB-45A3-8875-92F74B4BD79A}.Release|Win32.ActiveCfg = Release|x86
		{FE95A6EA-32CB-45A3-8875-92F74B4BD79A}.Release|x86.ActiveCfg = Release|x86
		{FE95A6EA-32CB-45A3-8875-92F74B4BD79A}.Release|x86.Build.0 = Release|x86
		{FE95A6EA-32CB-45A3-8875-92F74B4BD79A}.SingleImage|Any CPU.ActiveCfg = Release|x86
		{FE95A6EA-32CB-45A3-8875-92F74B4BD79A}.SingleImage|Mixed Platforms.ActiveCfg = Release|x86
		{FE95A6EA-32CB-45A3-8875-92F74B4BD79A}.SingleImage|Mixed Platforms.Build.0 = Release|x86
		{FE95A6EA-32CB-45A3-8875-92F74B4BD79A}.SingleImage|Win32.ActiveCfg = Release|x86
		{FE95A6EA-32CB-45A3-8875-92F74B4BD79A}.SingleImage|x86.ActiveCfg = Release|x86
		{FE95A6EA-32CB-45A3-8875-92F74B4BD79A}.SingleImage|x86.Build.0 = Release|x86
		{960B8404-BD80-4819-BF56-FB35DC295C89}.CD_ROM|Any CPU.ActiveCfg = Release|Any CPU
		{960B8404-BD80-4819-BF56-FB35DC295C89}.CD_ROM|Any CPU.Build.0 = Release|Any CPU
		{960B8404-BD80-4819-BF56-FB35DC295C89}.CD_ROM|Mixed Platforms.ActiveCfg = Release|Any CPU
		{960B8404-BD80-4819-BF56-FB35DC295C89}.CD_ROM|Mixed Platforms.Build.0 = Release|Any CPU
		{960B8404-BD80-4819-BF56-FB35DC295C89}.CD_ROM|Win32.ActiveCfg = Release|Any CPU
		{960B8404-BD80-4819-BF56-FB35DC295C89}.CD_ROM|x86.ActiveCfg = Release|Any CPU
		{960B8404-BD80-4819-BF56-FB35DC295C89}.Debug|Any CPU.ActiveCfg = Debug|Any CPU
		{960B8404-BD80-4819-BF56-FB35DC295C89}.Debug|Any CPU.Build.0 = Debug|Any CPU
		{960B8404-BD80-4819-BF56-FB35DC295C89}.Debug|Mixed Platforms.ActiveCfg = Debug|Any CPU
		{960B8404-BD80-4819-BF56-FB35DC295C89}.Debug|Mixed Platforms.Build.0 = Debug|Any CPU
		{960B8404-BD80-4819-BF56-FB35DC295C89}.Debug|Win32.ActiveCfg = Debug|Any CPU
		{960B8404-BD80-4819-BF56-FB35DC295C89}.Debug|x86.ActiveCfg = Debug|Any CPU
		{960B8404-BD80-4819-BF56-FB35DC295C89}.DVD-5|Any CPU.ActiveCfg = Debug|Any CPU
		{960B8404-BD80-4819-BF56-FB35DC295C89}.DVD-5|Any CPU.Build.0 = Debug|Any CPU
		{960B8404-BD80-4819-BF56-FB35DC295C89}.DVD-5|Mixed Platforms.ActiveCfg = Debug|Any CPU
		{960B8404-BD80-4819-BF56-FB35DC295C89}.DVD-5|Mixed Platforms.Build.0 = Debug|Any CPU
		{960B8404-BD80-4819-BF56-FB35DC295C89}.DVD-5|Win32.ActiveCfg = Debug|Any CPU
		{960B8404-BD80-4819-BF56-FB35DC295C89}.DVD-5|x86.ActiveCfg = Debug|Any CPU
		{960B8404-BD80-4819-BF56-FB35DC295C89}.Release|Any CPU.ActiveCfg = Release|Any CPU
		{960B8404-BD80-4819-BF56-FB35DC295C89}.Release|Any CPU.Build.0 = Release|Any CPU
		{960B8404-BD80-4819-BF56-FB35DC295C89}.Release|Mixed Platforms.ActiveCfg = Release|Any CPU
		{960B8404-BD80-4819-BF56-FB35DC295C89}.Release|Mixed Platforms.Build.0 = Release|Any CPU
		{960B8404-BD80-4819-BF56-FB35DC295C89}.Release|Win32.ActiveCfg = Release|Any CPU
		{960B8404-BD80-4819-BF56-FB35DC295C89}.Release|x86.ActiveCfg = Release|Any CPU
		{960B8404-BD80-4819-BF56-FB35DC295C89}.SingleImage|Any CPU.ActiveCfg = Release|Any CPU
		{960B8404-BD80-4819-BF56-FB35DC295C89}.SingleImage|Any CPU.Build.0 = Release|Any CPU
		{960B8404-BD80-4819-BF56-FB35DC295C89}.SingleImage|Mixed Platforms.ActiveCfg = Release|Any CPU
		{960B8404-BD80-4819-BF56-FB35DC295C89}.SingleImage|Mixed Platforms.Build.0 = Release|Any CPU
		{960B8404-BD80-4819-BF56-FB35DC295C89}.SingleImage|Win32.ActiveCfg = Release|Any CPU
		{960B8404-BD80-4819-BF56-FB35DC295C89}.SingleImage|x86.ActiveCfg = Release|Any CPU
		{016D5CD6-2ABD-4CA5-A60B-73FC4D001E83}.CD_ROM|Any CPU.ActiveCfg = Release|Win32
		{016D5CD6-2ABD-4CA5-A60B-73FC4D001E83}.CD_ROM|Mixed Platforms.ActiveCfg = Release|Win32
		{016D5CD6-2ABD-4CA5-A60B-73FC4D001E83}.CD_ROM|Mixed Platforms.Build.0 = Release|Win32
		{016D5CD6-2ABD-4CA5-A60B-73FC4D001E83}.CD_ROM|Win32.ActiveCfg = Release|Win32
		{016D5CD6-2ABD-4CA5-A60B-73FC4D001E83}.CD_ROM|Win32.Build.0 = Release|Win32
		{016D5CD6-2ABD-4CA5-A60B-73FC4D001E83}.CD_ROM|x86.ActiveCfg = Release|Win32
		{016D5CD6-2ABD-4CA5-A60B-73FC4D001E83}.Debug|Any CPU.ActiveCfg = Debug|Win32
		{016D5CD6-2ABD-4CA5-A60B-73FC4D001E83}.Debug|Mixed Platforms.ActiveCfg = Debug|Win32
		{016D5CD6-2ABD-4CA5-A60B-73FC4D001E83}.Debug|Mixed Platforms.Build.0 = Debug|Win32
		{016D5CD6-2ABD-4CA5-A60B-73FC4D001E83}.Debug|Win32.ActiveCfg = Debug|Win32
		{016D5CD6-2ABD-4CA5-A60B-73FC4D001E83}.Debug|Win32.Build.0 = Debug|Win32
		{016D5CD6-2ABD-4CA5-A60B-73FC4D001E83}.Debug|x86.ActiveCfg = Debug|Win32
		{016D5CD6-2ABD-4CA5-A60B-73FC4D001E83}.DVD-5|Any CPU.ActiveCfg = Debug|Win32
		{016D5CD6-2ABD-4CA5-A60B-73FC4D001E83}.DVD-5|Mixed Platforms.ActiveCfg = Debug|Win32
		{016D5CD6-2ABD-4CA5-A60B-73FC4D001E83}.DVD-5|Mixed Platforms.Build.0 = Debug|Win32
		{016D5CD6-2ABD-4CA5-A60B-73FC4D001E83}.DVD-5|Win32.ActiveCfg = Debug|Win32
		{016D5CD6-2ABD-4CA5-A60B-73FC4D001E83}.DVD-5|Win32.Build.0 = Debug|Win32
		{016D5CD6-2ABD-4CA5-A60B-73FC4D001E83}.DVD-5|x86.ActiveCfg = Debug|Win32
		{016D5CD6-2ABD-4CA5-A60B-73FC4D001E83}.Release|Any CPU.ActiveCfg = Release|Win32
		{016D5CD6-2ABD-4CA5-A60B-73FC4D001E83}.Release|Mixed Platforms.ActiveCfg = Release|Win32
		{016D5CD6-2ABD-4CA5-A60B-73FC4D001E83}.Release|Mixed Platforms.Build.0 = Release|Win32
		{016D5CD6-2ABD-4CA5-A60B-73FC4D001E83}.Release|Win32.ActiveCfg = Release|Win32
		{016D5CD6-2ABD-4CA5-A60B-73FC4D001E83}.Release|Win32.Build.0 = Release|Win32
		{016D5CD6-2ABD-4CA5-A60B-73FC4D001E83}.Release|x86.ActiveCfg = Release|Win32
		{016D5CD6-2ABD-4CA5-A60B-73FC4D001E83}.SingleImage|Any CPU.ActiveCfg = Release|Win32
		{016D5CD6-2ABD-4CA5-A60B-73FC4D001E83}.SingleImage|Mixed Platforms.ActiveCfg = Release|Win32
		{016D5CD6-2ABD-4CA5-A60B-73FC4D001E83}.SingleImage|Mixed Platforms.Build.0 = Release|Win32
		{016D5CD6-2ABD-4CA5-A60B-73FC4D001E83}.SingleImage|Win32.ActiveCfg = Release|Win32
		{016D5CD6-2ABD-4CA5-A60B-73FC4D001E83}.SingleImage|Win32.Build.0 = Release|Win32
		{016D5CD6-2ABD-4CA5-A60B-73FC4D001E83}.SingleImage|x86.ActiveCfg = Release|Win32
		{0E66B3DD-4AA4-4D4E-9E57-4A693A5E20DD}.CD_ROM|Any CPU.ActiveCfg = Release|Win32
		{0E66B3DD-4AA4-4D4E-9E57-4A693A5E20DD}.CD_ROM|Mixed Platforms.ActiveCfg = Release|Win32
		{0E66B3DD-4AA4-4D4E-9E57-4A693A5E20DD}.CD_ROM|Mixed Platforms.Build.0 = Release|Win32
		{0E66B3DD-4AA4-4D4E-9E57-4A693A5E20DD}.CD_ROM|Win32.ActiveCfg = Release|Win32
		{0E66B3DD-4AA4-4D4E-9E57-4A693A5E20DD}.CD_ROM|Win32.Build.0 = Release|Win32
		{0E66B3DD-4AA4-4D4E-9E57-4A693A5E20DD}.CD_ROM|x86.ActiveCfg = Release|Win32
		{0E66B3DD-4AA4-4D4E-9E57-4A693A5E20DD}.Debug|Any CPU.ActiveCfg = Debug|Win32
		{0E66B3DD-4AA4-4D4E-9E57-4A693A5E20DD}.Debug|Mixed Platforms.ActiveCfg = Debug|Win32
		{0E66B3DD-4AA4-4D4E-9E57-4A693A5E20DD}.Debug|Mixed Platforms.Build.0 = Debug|Win32
		{0E66B3DD-4AA4-4D4E-9E57-4A693A5E20DD}.Debug|Win32.ActiveCfg = Debug|Win32
		{0E66B3DD-4AA4-4D4E-9E57-4A693A5E20DD}.Debug|Win32.Build.0 = Debug|Win32
		{0E66B3DD-4AA4-4D4E-9E57-4A693A5E20DD}.Debug|x86.ActiveCfg = Debug|Win32
		{0E66B3DD-4AA4-4D4E-9E57-4A693A5E20DD}.DVD-5|Any CPU.ActiveCfg = Debug|Win32
		{0E66B3DD-4AA4-4D4E-9E57-4A693A5E20DD}.DVD-5|Mixed Platforms.ActiveCfg = Debug|Win32
		{0E66B3DD-4AA4-4D4E-9E57-4A693A5E20DD}.DVD-5|Mixed Platforms.Build.0 = Debug|Win32
		{0E66B3DD-4AA4-4D4E-9E57-4A693A5E20DD}.DVD-5|Win32.ActiveCfg = Debug|Win32
		{0E66B3DD-4AA4-4D4E-9E57-4A693A5E20DD}.DVD-5|Win32.Build.0 = Debug|Win32
		{0E66B3DD-4AA4-4D4E-9E57-4A693A5E20DD}.DVD-5|x86.ActiveCfg = Debug|Win32
		{0E66B3DD-4AA4-4D4E-9E57-4A693A5E20DD}.Release|Any CPU.ActiveCfg = Release|Win32
		{0E66B3DD-4AA4-4D4E-9E57-4A693A5E20DD}.Release|Mixed Platforms.ActiveCfg = Release|Win32
		{0E66B3DD-4AA4-4D4E-9E57-4A693A5E20DD}.Release|Mixed Platforms.Build.0 = Release|Win32
		{0E66B3DD-4AA4-4D4E-9E57-4A693A5E20DD}.Release|Win32.ActiveCfg = Release|Win32
		{0E66B3DD-4AA4-4D4E-9E57-4A693A5E20DD}.Release|Win32.Build.0 = Release|Win32
		{0E66B3DD-4AA4-4D4E-9E57-4A693A5E20DD}.Release|x86.ActiveCfg = Release|Win32
		{0E66B3DD-4AA4-4D4E-9E57-4A693A5E20DD}.SingleImage|Any CPU.ActiveCfg = Release|Win32
		{0E66B3DD-4AA4-4D4E-9E57-4A693A5E20DD}.SingleImage|Mixed Platforms.ActiveCfg = Release|Win32
		{0E66B3DD-4AA4-4D4E-9E57-4A693A5E20DD}.SingleImage|Mixed Platforms.Build.0 = Release|Win32
		{0E66B3DD-4AA4-4D4E-9E57-4A693A5E20DD}.SingleImage|Win32.ActiveCfg = Release|Win32
		{0E66B3DD-4AA4-4D4E-9E57-4A693A5E20DD}.SingleImage|Win32.Build.0 = Release|Win32
		{0E66B3DD-4AA4-4D4E-9E57-4A693A5E20DD}.SingleImage|x86.ActiveCfg = Release|Win32
		{B1644D43-B074-4D7F-9735-BA5E8115E162}.CD_ROM|Any CPU.ActiveCfg = Release|Win32
		{B1644D43-B074-4D7F-9735-BA5E8115E162}.CD_ROM|Mixed Platforms.ActiveCfg = Release|Win32
		{B1644D43-B074-4D7F-9735-BA5E8115E162}.CD_ROM|Mixed Platforms.Build.0 = Release|Win32
		{B1644D43-B074-4D7F-9735-BA5E8115E162}.CD_ROM|Win32.ActiveCfg = Release|Win32
		{B1644D43-B074-4D7F-9735-BA5E8115E162}.CD_ROM|Win32.Build.0 = Release|Win32
		{B1644D43-B074-4D7F-9735-BA5E8115E162}.CD_ROM|x86.ActiveCfg = Release|Win32
		{B1644D43-B074-4D7F-9735-BA5E8115E162}.Debug|Any CPU.ActiveCfg = Debug|Win32
		{B1644D43-B074-4D7F-9735-BA5E8115E162}.Debug|Mixed Platforms.ActiveCfg = Debug|Win32
		{B1644D43-B074-4D7F-9735-BA5E8115E162}.Debug|Mixed Platforms.Build.0 = Debug|Win32
		{B1644D43-B074-4D7F-9735-BA5E8115E162}.Debug|Win32.ActiveCfg = Debug|Win32
		{B1644D43-B074-4D7F-9735-BA5E8115E162}.Debug|Win32.Build.0 = Debug|Win32
		{B1644D43-B074-4D7F-9735-BA5E8115E162}.Debug|x86.ActiveCfg = Debug|Win32
		{B1644D43-B074-4D7F-9735-BA5E8115E162}.DVD-5|Any CPU.ActiveCfg = Debug|Win32
		{B1644D43-B074-4D7F-9735-BA5E8115E162}.DVD-5|Mixed Platforms.ActiveCfg = Debug|Win32
		{B1644D43-B074-4D7F-9735-BA5E8115E162}.DVD-5|Mixed Platforms.Build.0 = Debug|Win32
		{B1644D43-B074-4D7F-9735-BA5E8115E162}.DVD-5|Win32.ActiveCfg = Debug|Win32
		{B1644D43-B074-4D7F-9735-BA5E8115E162}.DVD-5|Win32.Build.0 = Debug|Win32
		{B1644D43-B074-4D7F-9735-BA5E8115E162}.DVD-5|x86.ActiveCfg = Debug|Win32
		{B1644D43-B074-4D7F-9735-BA5E8115E162}.Release|Any CPU.ActiveCfg = Release|Win32
		{B1644D43-B074-4D7F-9735-BA5E8115E162}.Release|Mixed Platforms.ActiveCfg = Release|Win32
		{B1644D43-B074-4D7F-9735-BA5E8115E162}.Release|Mixed Platforms.Build.0 = Release|Win32
		{B1644D43-B074-4D7F-9735-BA5E8115E162}.Release|Win32.ActiveCfg = Release|Win32
		{B1644D43-B074-4D7F-9735-BA5E8115E162}.Release|Win32.Build.0 = Release|Win32
		{B1644D43-B074-4D7F-9735-BA5E8115E162}.Release|x86.ActiveCfg = Release|Win32
		{B1644D43-B074-4D7F-9735-BA5E8115E162}.SingleImage|Any CPU.ActiveCfg = Release|Win32
		{B1644D43-B074-4D7F-9735-BA5E8115E162}.SingleImage|Mixed Platforms.ActiveCfg = Release|Win32
		{B1644D43-B074-4D7F-9735-BA5E8115E162}.SingleImage|Mixed Platforms.Build.0 = Release|Win32
		{B1644D43-B074-4D7F-9735-BA5E8115E162}.SingleImage|Win32.ActiveCfg = Release|Win32
		{B1644D43-B074-4D7F-9735-BA5E8115E162}.SingleImage|Win32.Build.0 = Release|Win32
		{B1644D43-B074-4D7F-9735-BA5E8115E162}.SingleImage|x86.ActiveCfg = Release|Win32
		{A84B6A62-4B9C-4882-80FB-6DB8878AD44A}.CD_ROM|Any CPU.ActiveCfg = CD_ROM
		{A84B6A62-4B9C-4882-80FB-6DB8878AD44A}.CD_ROM|Any CPU.Build.0 = CD_ROM
		{A84B6A62-4B9C-4882-80FB-6DB8878AD44A}.CD_ROM|Mixed Platforms.ActiveCfg = CD_ROM
		{A84B6A62-4B9C-4882-80FB-6DB8878AD44A}.CD_ROM|Mixed Platforms.Build.0 = CD_ROM
		{A84B6A62-4B9C-4882-80FB-6DB8878AD44A}.CD_ROM|Win32.ActiveCfg = CD_ROM
		{A84B6A62-4B9C-4882-80FB-6DB8878AD44A}.CD_ROM|Win32.Build.0 = CD_ROM
		{A84B6A62-4B9C-4882-80FB-6DB8878AD44A}.CD_ROM|x86.ActiveCfg = CD_ROM
		{A84B6A62-4B9C-4882-80FB-6DB8878AD44A}.CD_ROM|x86.Build.0 = CD_ROM
		{A84B6A62-4B9C-4882-80FB-6DB8878AD44A}.Debug|Any CPU.ActiveCfg = DVD-5
		{A84B6A62-4B9C-4882-80FB-6DB8878AD44A}.Debug|Any CPU.Build.0 = DVD-5
		{A84B6A62-4B9C-4882-80FB-6DB8878AD44A}.Debug|Mixed Platforms.ActiveCfg = DVD-5
		{A84B6A62-4B9C-4882-80FB-6DB8878AD44A}.Debug|Mixed Platforms.Build.0 = DVD-5
		{A84B6A62-4B9C-4882-80FB-6DB8878AD44A}.Debug|Win32.ActiveCfg = DVD-5
		{A84B6A62-4B9C-4882-80FB-6DB8878AD44A}.Debug|Win32.Build.0 = DVD-5
		{A84B6A62-4B9C-4882-80FB-6DB8878AD44A}.Debug|x86.ActiveCfg = DVD-5
		{A84B6A62-4B9C-4882-80FB-6DB8878AD44A}.Debug|x86.Build.0 = DVD-5
		{A84B6A62-4B9C-4882-80FB-6DB8878AD44A}.DVD-5|Any CPU.ActiveCfg = DVD-5
		{A84B6A62-4B9C-4882-80FB-6DB8878AD44A}.DVD-5|Any CPU.Build.0 = DVD-5
		{A84B6A62-4B9C-4882-80FB-6DB8878AD44A}.DVD-5|Mixed Platforms.ActiveCfg = DVD-5
		{A84B6A62-4B9C-4882-80FB-6DB8878AD44A}.DVD-5|Mixed Platforms.Build.0 = DVD-5
		{A84B6A62-4B9C-4882-80FB-6DB8878AD44A}.DVD-5|Win32.ActiveCfg = DVD-5
		{A84B6A62-4B9C-4882-80FB-6DB8878AD44A}.DVD-5|Win32.Build.0 = DVD-5
		{A84B6A62-4B9C-4882-80FB-6DB8878AD44A}.DVD-5|x86.ActiveCfg = DVD-5
		{A84B6A62-4B9C-4882-80FB-6DB8878AD44A}.DVD-5|x86.Build.0 = DVD-5
		{A84B6A62-4B9C-4882-80FB-6DB8878AD44A}.Release|Any CPU.ActiveCfg = SingleImage
		{A84B6A62-4B9C-4882-80FB-6DB8878AD44A}.Release|Any CPU.Build.0 = SingleImage
		{A84B6A62-4B9C-4882-80FB-6DB8878AD44A}.Release|Mixed Platforms.ActiveCfg = SingleImage
		{A84B6A62-4B9C-4882-80FB-6DB8878AD44A}.Release|Mixed Platforms.Build.0 = SingleImage
		{A84B6A62-4B9C-4882-80FB-6DB8878AD44A}.Release|Win32.ActiveCfg = SingleImage
		{A84B6A62-4B9C-4882-80FB-6DB8878AD44A}.Release|Win32.Build.0 = SingleImage
		{A84B6A62-4B9C-4882-80FB-6DB8878AD44A}.Release|x86.ActiveCfg = SingleImage
		{A84B6A62-4B9C-4882-80FB-6DB8878AD44A}.Release|x86.Build.0 = SingleImage
		{A84B6A62-4B9C-4882-80FB-6DB8878AD44A}.SingleImage|Any CPU.ActiveCfg = SingleImage
		{A84B6A62-4B9C-4882-80FB-6DB8878AD44A}.SingleImage|Any CPU.Build.0 = SingleImage
		{A84B6A62-4B9C-4882-80FB-6DB8878AD44A}.SingleImage|Mixed Platforms.ActiveCfg = SingleImage
		{A84B6A62-4B9C-4882-80FB-6DB8878AD44A}.SingleImage|Mixed Platforms.Build.0 = SingleImage
		{A84B6A62-4B9C-4882-80FB-6DB8878AD44A}.SingleImage|Win32.ActiveCfg = SingleImage
		{A84B6A62-4B9C-4882-80FB-6DB8878AD44A}.SingleImage|Win32.Build.0 = SingleImage
		{A84B6A62-4B9C-4882-80FB-6DB8878AD44A}.SingleImage|x86.ActiveCfg = SingleImage
		{A84B6A62-4B9C-4882-80FB-6DB8878AD44A}.SingleImage|x86.Build.0 = SingleImage
		{A734AFC1-B3F2-4FD1-A42E-7417A21F976A}.CD_ROM|Any CPU.ActiveCfg = Release|Win32
		{A734AFC1-B3F2-4FD1-A42E-7417A21F976A}.CD_ROM|Mixed Platforms.ActiveCfg = Release|Win32
		{A734AFC1-B3F2-4FD1-A42E-7417A21F976A}.CD_ROM|Mixed Platforms.Build.0 = Release|Win32
		{A734AFC1-B3F2-4FD1-A42E-7417A21F976A}.CD_ROM|Win32.ActiveCfg = Release|Win32
		{A734AFC1-B3F2-4FD1-A42E-7417A21F976A}.CD_ROM|Win32.Build.0 = Release|Win32
		{A734AFC1-B3F2-4FD1-A42E-7417A21F976A}.CD_ROM|x86.ActiveCfg = Release|Win32
		{A734AFC1-B3F2-4FD1-A42E-7417A21F976A}.Debug|Any CPU.ActiveCfg = Debug|Win32
		{A734AFC1-B3F2-4FD1-A42E-7417A21F976A}.Debug|Mixed Platforms.ActiveCfg = Debug|Win32
		{A734AFC1-B3F2-4FD1-A42E-7417A21F976A}.Debug|Mixed Platforms.Build.0 = Debug|Win32
		{A734AFC1-B3F2-4FD1-A42E-7417A21F976A}.Debug|Win32.ActiveCfg = Debug|Win32
		{A734AFC1-B3F2-4FD1-A42E-7417A21F976A}.Debug|Win32.Build.0 = Debug|Win32
		{A734AFC1-B3F2-4FD1-A42E-7417A21F976A}.Debug|x86.ActiveCfg = Debug|Win32
		{A734AFC1-B3F2-4FD1-A42E-7417A21F976A}.DVD-5|Any CPU.ActiveCfg = Debug|Win32
		{A734AFC1-B3F2-4FD1-A42E-7417A21F976A}.DVD-5|Mixed Platforms.ActiveCfg = Debug|Win32
		{A734AFC1-B3F2-4FD1-A42E-7417A21F976A}.DVD-5|Mixed Platforms.Build.0 = Debug|Win32
		{A734AFC1-B3F2-4FD1-A42E-7417A21F976A}.DVD-5|Win32.ActiveCfg = Debug|Win32
		{A734AFC1-B3F2-4FD1-A42E-7417A21F976A}.DVD-5|Win32.Build.0 = Debug|Win32
		{A734AFC1-B3F2-4FD1-A42E-7417A21F976A}.DVD-5|x86.ActiveCfg = Debug|Win32
		{A734AFC1-B3F2-4FD1-A42E-7417A21F976A}.Release|Any CPU.ActiveCfg = Release|Win32
		{A734AFC1-B3F2-4FD1-A42E-7417A21F976A}.Release|Mixed Platforms.ActiveCfg = Release|Win32
		{A734AFC1-B3F2-4FD1-A42E-7417A21F976A}.Release|Mixed Platforms.Build.0 = Release|Win32
		{A734AFC1-B3F2-4FD1-A42E-7417A21F976A}.Release|Win32.ActiveCfg = Release|Win32
		{A734AFC1-B3F2-4FD1-A42E-7417A21F976A}.Release|Win32.Build.0 = Release|Win32
		{A734AFC1-B3F2-4FD1-A42E-7417A21F976A}.Release|x86.ActiveCfg = Release|Win32
		{A734AFC1-B3F2-4FD1-A42E-7417A21F976A}.SingleImage|Any CPU.ActiveCfg = Release|Win32
		{A734AFC1-B3F2-4FD1-A42E-7417A21F976A}.SingleImage|Mixed Platforms.ActiveCfg = Release|Win32
		{A734AFC1-B3F2-4FD1-A42E-7417A21F976A}.SingleImage|Mixed Platforms.Build.0 = Release|Win32
		{A734AFC1-B3F2-4FD1-A42E-7417A21F976A}.SingleImage|Win32.ActiveCfg = Release|Win32
		{A734AFC1-B3F2-4FD1-A42E-7417A21F976A}.SingleImage|Win32.Build.0 = Release|Win32
		{A734AFC1-B3F2-4FD1-A42E-7417A21F976A}.SingleImage|x86.ActiveCfg = Release|Win32
	EndGlobalSection
	GlobalSection(SolutionProperties) = preSolution
		HideSolutionNode = FALSE
	EndGlobalSection
EndGlobal
