<?xml version="1.0" encoding="utf-8"?>
<Project ToolsVersion="4.0" xmlns="http://schemas.microsoft.com/developer/msbuild/2003">
  <ItemGroup>
    <ClCompile Include="..\..\SMSServer\src\Main.cpp">
      <Filter>src</Filter>
    </ClCompile>
    <ClCompile Include="..\..\SMSServer\src\MsgTable.cpp">
      <Filter>src</Filter>
    </ClCompile>
    <ClCompile Include="..\..\SMSServer\src\SMSServerDB.cpp">
      <Filter>src</Filter>
    </ClCompile>
    <ClCompile Include="..\..\SMSServer\src\SMSServerConfig.cpp">
      <Filter>src</Filter>
    </ClCompile>
    <ClCompile Include="..\..\SMSServer\src\SMSServer.cpp">
      <Filter>src</Filter>
    </ClCompile>
    <ClCompile Include="..\..\SMSServer\src\SMSListener.cpp">
      <Filter>src</Filter>
    </ClCompile>
    <ClCompile Include="..\..\SMSServer\src\EIBAgent.cpp">
      <Filter>src</Filter>
    </ClCompile>
  </ItemGroup>
  <ItemGroup>
    <ClInclude Include="..\..\SMSServer\include\MsgTable.h">
      <Filter>include</Filter>
    </ClInclude>
    <ClInclude Include="..\..\SMSServer\include\SMSGeneralConf.h">
      <Filter>include</Filter>
    </ClInclude>
    <ClInclude Include="..\..\SMSServer\include\SMSListener.h">
      <Filter>include</Filter>
    </ClInclude>
    <ClInclude Include="..\..\SMSServer\include\SMSServer.h">
      <Filter>include</Filter>
    </ClInclude>
    <ClInclude Include="..\..\SMSServer\include\SMSServerConfig.h">
      <Filter>include</Filter>
    </ClInclude>
    <ClInclude Include="..\..\SMSServer\include\SMSServerDB.h">
      <Filter>include</Filter>
    </ClInclude>
    <ClInclude Include="..\..\SMSServer\include\EIBAgent.h">
      <Filter>include</Filter>
    </ClInclude>
  </ItemGroup>
  <ItemGroup>
    <Filter Include="src">
      <UniqueIdentifier>{d84b2539-4026-4ced-949f-8ba1adaa54fd}</UniqueIdentifier>
    </Filter>
    <Filter Include="include">
      <UniqueIdentifier>{7e7e54f7-ab26-4c77-bf38-e22cea688cfb}</UniqueIdentifier>
    </Filter>
  </ItemGroup>
</Project>